
Microsoft Visual Studio Solution File, Format Version 12.00
# Visual Studio 15
VisualStudioVersion = 15.0.26228.9
MinimumVisualStudioVersion = 10.0.40219.1
Project("{2150E333-8FDC-42A3-9474-1A3956D46DE8}") = "Azure", "Azure", "{26441922-0B30-43AD-BC24-CD181762FFC1}"
EndProject
Project("{2150E333-8FDC-42A3-9474-1A3956D46DE8}") = "Services", "Services", "{9A34D20F-B24A-4D5B-A8A5-202BCFEC4E61}"
EndProject
Project("{FAE04EC0-301F-11D3-BF4B-00C04F79EFBC}") = "Euricom.IoT.Api", "Services\Euricom.IoT.Api\Euricom.IoT.Api.csproj", "{9A870600-EEAF-4076-ACC2-0408D2542563}"
	ProjectSection(ProjectDependencies) = postProject
		{46641B66-9271-4234-8E8B-1547DEF4BEBB} = {46641B66-9271-4234-8E8B-1547DEF4BEBB}
		{FB95C4C7-5C90-4B6D-A35D-0A96BCA47E5F} = {FB95C4C7-5C90-4B6D-A35D-0A96BCA47E5F}
	EndProjectSection
EndProject
Project("{2150E333-8FDC-42A3-9474-1A3956D46DE8}") = "OpenZWave", "OpenZWave", "{C5BFFE36-A37E-4153-8549-2D8C82517128}"
EndProject
Project("{2150E333-8FDC-42A3-9474-1A3956D46DE8}") = "Infrastructure", "Infrastructure", "{775030D7-24C8-4B61-91F0-05B12415CBF6}"
EndProject
Project("{FAE04EC0-301F-11D3-BF4B-00C04F79EFBC}") = "Euricom.IoT.Messaging", "Infrastructure\Euricom.IoT.Messaging\Euricom.IoT.Messaging.csproj", "{B70FC52F-D02C-4F41-9CB9-E64DFDE544D7}"
EndProject
Project("{2150E333-8FDC-42A3-9474-1A3956D46DE8}") = "UI", "UI", "{29FB8613-0843-42DD-A2B7-0218E6FDD0E2}"
EndProject
Project("{FAE04EC0-301F-11D3-BF4B-00C04F79EFBC}") = "Euricom.IoT.UI", "UI\Euricom.IoT.UI\Euricom.IoT.UI.csproj", "{CC927EA9-4DB7-43E0-8B80-459549DED0D8}"
EndProject
Project("{2150E333-8FDC-42A3-9474-1A3956D46DE8}") = "Testing", "Testing", "{A506A4B5-8F75-4182-A4F6-42B0D23304D9}"
EndProject
Project("{8BC9CEB8-8B4A-11D0-8D11-00A0C91BC942}") = "OpenZWave", "..\open-zwave\cpp\build\winRT\vs2015\OpenZWave.vcxproj", "{E830F9D6-8173-4B0B-9ECE-CAADFA531B54}"
EndProject
Project("{8BC9CEB8-8B4A-11D0-8D11-00A0C91BC942}") = "OpenZWaveUWP", "UWP\OpenZWaveUWP.vcxproj", "{46641B66-9271-4234-8E8B-1547DEF4BEBB}"
	ProjectSection(ProjectDependencies) = postProject
		{E830F9D6-8173-4B0B-9ECE-CAADFA531B54} = {E830F9D6-8173-4B0B-9ECE-CAADFA531B54}
	EndProjectSection
EndProject
Project("{2150E333-8FDC-42A3-9474-1A3956D46DE8}") = "Devices", "Devices", "{3A0ABAA4-C65D-4625-9D9B-934D4FA706A0}"
EndProject
Project("{FAE04EC0-301F-11D3-BF4B-00C04F79EFBC}") = "Euricom.IoT.ZWave", "Euricom.IoT.ZWave\Euricom.IoT.ZWave.csproj", "{A0B0AE9E-6E31-49FC-818F-94B0D10BB9F8}"
EndProject
Project("{2150E333-8FDC-42A3-9474-1A3956D46DE8}") = "Database", "Database", "{A9AC4793-AD7F-4D72-9F67-18838F92AD51}"
EndProject
Project("{FAE04EC0-301F-11D3-BF4B-00C04F79EFBC}") = "Euricom.IoT.DataLayer", "Euricom.IoT.DataLayer\Euricom.IoT.DataLayer.csproj", "{D0EC9A71-0C47-4F57-8A36-587596418681}"
EndProject
Project("{FAE04EC0-301F-11D3-BF4B-00C04F79EFBC}") = "Euricom.IoT.LazyBone", "Euricom.IoT.LazyBone\Euricom.IoT.LazyBone.csproj", "{C6FD53CC-6841-4956-81DA-40BDB332705E}"
EndProject
Project("{FAE04EC0-301F-11D3-BF4B-00C04F79EFBC}") = "Euricom.IoT.Camera", "Euricom.IoT.Camera\Euricom.IoT.Camera.csproj", "{9DA8728A-EE56-48C5-92EC-087DBFC9BF18}"
EndProject
Project("{2150E333-8FDC-42A3-9474-1A3956D46DE8}") = "Common", "Common", "{DB1D6C0F-5AFC-4193-8E53-B0D9848D2A33}"
EndProject
Project("{FAE04EC0-301F-11D3-BF4B-00C04F79EFBC}") = "Euricom.IoT.Common", "Euricom.IoT.Common\Euricom.IoT.Common.csproj", "{AF740215-006D-4021-A019-6127B64DAE88}"
EndProject
Project("{FAE04EC0-301F-11D3-BF4B-00C04F79EFBC}") = "Euricom.IoT.AzureDeviceManager", "Euricom.IoT.AzureDeviceManager\Euricom.IoT.AzureDeviceManager.csproj", "{A1673557-C45C-457B-BD38-597549771075}"
EndProject
Project("{FAE04EC0-301F-11D3-BF4B-00C04F79EFBC}") = "Euricom.IoT.Api.Managers", "Euricom.IoT.Api.Managers\Euricom.IoT.Api.Managers.csproj", "{2B675E07-0441-4FA5-9F46-435EFFD17A01}"
EndProject
Project("{FAE04EC0-301F-11D3-BF4B-00C04F79EFBC}") = "Euricom.IoT.Monitoring", "Euricom.IoT.Monitoring\Euricom.IoT.Monitoring.csproj", "{E2C002A8-3C66-4D75-AF99-0DD636AE1691}"
EndProject
Project("{FAE04EC0-301F-11D3-BF4B-00C04F79EFBC}") = "Euricom.IoT.AzureBlobStorage", "Euricom.IoT.AzureBlobStorage\Euricom.IoT.AzureBlobStorage.csproj", "{BA6A5B9A-62CE-40E2-B9E4-EAAFC1910D60}"
EndProject
Project("{FAE04EC0-301F-11D3-BF4B-00C04F79EFBC}") = "Euricom.IoT.UI.WebAdministration", "Euricom.IoT.UI.WebAdministration\Euricom.IoT.UI.WebAdministration.csproj", "{FB95C4C7-5C90-4B6D-A35D-0A96BCA47E5F}"
EndProject
Project("{FAE04EC0-301F-11D3-BF4B-00C04F79EFBC}") = "Euricom.IoT.Logging", "Euricom.IoT.Logging\Euricom.IoT.Logging.csproj", "{6B8D0662-B290-451D-ADD6-73634A7F0C33}"
EndProject
Global
	GlobalSection(SolutionConfigurationPlatforms) = preSolution
		Debug|Any CPU = Debug|Any CPU
		Debug|ARM = Debug|ARM
		Debug|x64 = Debug|x64
		Debug|x86 = Debug|x86
		Release|Any CPU = Release|Any CPU
		Release|ARM = Release|ARM
		Release|x64 = Release|x64
		Release|x86 = Release|x86
	EndGlobalSection
	GlobalSection(ProjectConfigurationPlatforms) = postSolution
		{9A870600-EEAF-4076-ACC2-0408D2542563}.Debug|Any CPU.ActiveCfg = Debug|x86
		{9A870600-EEAF-4076-ACC2-0408D2542563}.Debug|Any CPU.Build.0 = Debug|x86
		{9A870600-EEAF-4076-ACC2-0408D2542563}.Debug|ARM.ActiveCfg = Debug|ARM
		{9A870600-EEAF-4076-ACC2-0408D2542563}.Debug|ARM.Build.0 = Debug|ARM
		{9A870600-EEAF-4076-ACC2-0408D2542563}.Debug|ARM.Deploy.0 = Debug|ARM
		{9A870600-EEAF-4076-ACC2-0408D2542563}.Debug|x64.ActiveCfg = Debug|x64
		{9A870600-EEAF-4076-ACC2-0408D2542563}.Debug|x64.Build.0 = Debug|x64
		{9A870600-EEAF-4076-ACC2-0408D2542563}.Debug|x64.Deploy.0 = Debug|x64
		{9A870600-EEAF-4076-ACC2-0408D2542563}.Debug|x86.ActiveCfg = Debug|x86
		{9A870600-EEAF-4076-ACC2-0408D2542563}.Debug|x86.Build.0 = Debug|x86
		{9A870600-EEAF-4076-ACC2-0408D2542563}.Debug|x86.Deploy.0 = Debug|x86
		{9A870600-EEAF-4076-ACC2-0408D2542563}.Release|Any CPU.ActiveCfg = Release|x86
		{9A870600-EEAF-4076-ACC2-0408D2542563}.Release|ARM.ActiveCfg = Release|ARM
		{9A870600-EEAF-4076-ACC2-0408D2542563}.Release|ARM.Build.0 = Release|ARM
		{9A870600-EEAF-4076-ACC2-0408D2542563}.Release|ARM.Deploy.0 = Release|ARM
		{9A870600-EEAF-4076-ACC2-0408D2542563}.Release|x64.ActiveCfg = Release|x64
		{9A870600-EEAF-4076-ACC2-0408D2542563}.Release|x64.Build.0 = Release|x64
		{9A870600-EEAF-4076-ACC2-0408D2542563}.Release|x64.Deploy.0 = Release|x64
		{9A870600-EEAF-4076-ACC2-0408D2542563}.Release|x86.ActiveCfg = Release|x86
		{9A870600-EEAF-4076-ACC2-0408D2542563}.Release|x86.Build.0 = Release|x86
		{9A870600-EEAF-4076-ACC2-0408D2542563}.Release|x86.Deploy.0 = Release|x86
		{B70FC52F-D02C-4F41-9CB9-E64DFDE544D7}.Debug|Any CPU.ActiveCfg = Debug|x86
		{B70FC52F-D02C-4F41-9CB9-E64DFDE544D7}.Debug|Any CPU.Build.0 = Debug|x86
		{B70FC52F-D02C-4F41-9CB9-E64DFDE544D7}.Debug|ARM.ActiveCfg = Debug|ARM
		{B70FC52F-D02C-4F41-9CB9-E64DFDE544D7}.Debug|ARM.Build.0 = Debug|ARM
		{B70FC52F-D02C-4F41-9CB9-E64DFDE544D7}.Debug|x64.ActiveCfg = Debug|x64
		{B70FC52F-D02C-4F41-9CB9-E64DFDE544D7}.Debug|x64.Build.0 = Debug|x64
		{B70FC52F-D02C-4F41-9CB9-E64DFDE544D7}.Debug|x86.ActiveCfg = Debug|x86
		{B70FC52F-D02C-4F41-9CB9-E64DFDE544D7}.Debug|x86.Build.0 = Debug|x86
		{B70FC52F-D02C-4F41-9CB9-E64DFDE544D7}.Release|Any CPU.ActiveCfg = Release|Any CPU
		{B70FC52F-D02C-4F41-9CB9-E64DFDE544D7}.Release|Any CPU.Build.0 = Release|Any CPU
		{B70FC52F-D02C-4F41-9CB9-E64DFDE544D7}.Release|ARM.ActiveCfg = Release|ARM
		{B70FC52F-D02C-4F41-9CB9-E64DFDE544D7}.Release|ARM.Build.0 = Release|ARM
		{B70FC52F-D02C-4F41-9CB9-E64DFDE544D7}.Release|x64.ActiveCfg = Release|x64
		{B70FC52F-D02C-4F41-9CB9-E64DFDE544D7}.Release|x64.Build.0 = Release|x64
		{B70FC52F-D02C-4F41-9CB9-E64DFDE544D7}.Release|x86.ActiveCfg = Release|x86
		{B70FC52F-D02C-4F41-9CB9-E64DFDE544D7}.Release|x86.Build.0 = Release|x86
		{CC927EA9-4DB7-43E0-8B80-459549DED0D8}.Debug|Any CPU.ActiveCfg = Debug|x86
		{CC927EA9-4DB7-43E0-8B80-459549DED0D8}.Debug|Any CPU.Build.0 = Debug|x86
		{CC927EA9-4DB7-43E0-8B80-459549DED0D8}.Debug|Any CPU.Deploy.0 = Debug|x86
		{CC927EA9-4DB7-43E0-8B80-459549DED0D8}.Debug|ARM.ActiveCfg = Debug|ARM
		{CC927EA9-4DB7-43E0-8B80-459549DED0D8}.Debug|ARM.Build.0 = Debug|ARM
		{CC927EA9-4DB7-43E0-8B80-459549DED0D8}.Debug|ARM.Deploy.0 = Debug|ARM
		{CC927EA9-4DB7-43E0-8B80-459549DED0D8}.Debug|x64.ActiveCfg = Debug|x64
		{CC927EA9-4DB7-43E0-8B80-459549DED0D8}.Debug|x64.Build.0 = Debug|x64
		{CC927EA9-4DB7-43E0-8B80-459549DED0D8}.Debug|x64.Deploy.0 = Debug|x64
		{CC927EA9-4DB7-43E0-8B80-459549DED0D8}.Debug|x86.ActiveCfg = Debug|x86
		{CC927EA9-4DB7-43E0-8B80-459549DED0D8}.Debug|x86.Build.0 = Debug|x86
		{CC927EA9-4DB7-43E0-8B80-459549DED0D8}.Debug|x86.Deploy.0 = Debug|x86
		{CC927EA9-4DB7-43E0-8B80-459549DED0D8}.Release|Any CPU.ActiveCfg = Release|x86
		{CC927EA9-4DB7-43E0-8B80-459549DED0D8}.Release|ARM.ActiveCfg = Release|ARM
		{CC927EA9-4DB7-43E0-8B80-459549DED0D8}.Release|ARM.Build.0 = Release|ARM
		{CC927EA9-4DB7-43E0-8B80-459549DED0D8}.Release|ARM.Deploy.0 = Release|ARM
		{CC927EA9-4DB7-43E0-8B80-459549DED0D8}.Release|x64.ActiveCfg = Release|x64
		{CC927EA9-4DB7-43E0-8B80-459549DED0D8}.Release|x64.Build.0 = Release|x64
		{CC927EA9-4DB7-43E0-8B80-459549DED0D8}.Release|x64.Deploy.0 = Release|x64
		{CC927EA9-4DB7-43E0-8B80-459549DED0D8}.Release|x86.ActiveCfg = Release|x86
		{CC927EA9-4DB7-43E0-8B80-459549DED0D8}.Release|x86.Build.0 = Release|x86
		{CC927EA9-4DB7-43E0-8B80-459549DED0D8}.Release|x86.Deploy.0 = Release|x86
		{E830F9D6-8173-4B0B-9ECE-CAADFA531B54}.Debug|Any CPU.ActiveCfg = Debug|Win32
		{E830F9D6-8173-4B0B-9ECE-CAADFA531B54}.Debug|Any CPU.Build.0 = Debug|Win32
		{E830F9D6-8173-4B0B-9ECE-CAADFA531B54}.Debug|ARM.ActiveCfg = Debug|ARM
		{E830F9D6-8173-4B0B-9ECE-CAADFA531B54}.Debug|ARM.Build.0 = Debug|ARM
		{E830F9D6-8173-4B0B-9ECE-CAADFA531B54}.Debug|x64.ActiveCfg = Debug|x64
		{E830F9D6-8173-4B0B-9ECE-CAADFA531B54}.Debug|x64.Build.0 = Debug|x64
		{E830F9D6-8173-4B0B-9ECE-CAADFA531B54}.Debug|x86.ActiveCfg = Debug|Win32
		{E830F9D6-8173-4B0B-9ECE-CAADFA531B54}.Debug|x86.Build.0 = Debug|Win32
		{E830F9D6-8173-4B0B-9ECE-CAADFA531B54}.Release|Any CPU.ActiveCfg = Release|Win32
		{E830F9D6-8173-4B0B-9ECE-CAADFA531B54}.Release|ARM.ActiveCfg = Release|ARM
		{E830F9D6-8173-4B0B-9ECE-CAADFA531B54}.Release|ARM.Build.0 = Release|ARM
		{E830F9D6-8173-4B0B-9ECE-CAADFA531B54}.Release|x64.ActiveCfg = Release|x64
		{E830F9D6-8173-4B0B-9ECE-CAADFA531B54}.Release|x64.Build.0 = Release|x64
		{E830F9D6-8173-4B0B-9ECE-CAADFA531B54}.Release|x86.ActiveCfg = Release|Win32
		{E830F9D6-8173-4B0B-9ECE-CAADFA531B54}.Release|x86.Build.0 = Release|Win32
		{46641B66-9271-4234-8E8B-1547DEF4BEBB}.Debug|Any CPU.ActiveCfg = Debug|Win32
		{46641B66-9271-4234-8E8B-1547DEF4BEBB}.Debug|Any CPU.Build.0 = Debug|Win32
		{46641B66-9271-4234-8E8B-1547DEF4BEBB}.Debug|ARM.ActiveCfg = Debug|ARM
		{46641B66-9271-4234-8E8B-1547DEF4BEBB}.Debug|ARM.Build.0 = Debug|ARM
		{46641B66-9271-4234-8E8B-1547DEF4BEBB}.Debug|x64.ActiveCfg = Debug|x64
		{46641B66-9271-4234-8E8B-1547DEF4BEBB}.Debug|x64.Build.0 = Debug|x64
		{46641B66-9271-4234-8E8B-1547DEF4BEBB}.Debug|x86.ActiveCfg = Debug|Win32
		{46641B66-9271-4234-8E8B-1547DEF4BEBB}.Debug|x86.Build.0 = Debug|Win32
		{46641B66-9271-4234-8E8B-1547DEF4BEBB}.Release|Any CPU.ActiveCfg = Release|Win32
		{46641B66-9271-4234-8E8B-1547DEF4BEBB}.Release|ARM.ActiveCfg = Release|ARM
		{46641B66-9271-4234-8E8B-1547DEF4BEBB}.Release|ARM.Build.0 = Release|ARM
		{46641B66-9271-4234-8E8B-1547DEF4BEBB}.Release|x64.ActiveCfg = Release|x64
		{46641B66-9271-4234-8E8B-1547DEF4BEBB}.Release|x64.Build.0 = Release|x64
		{46641B66-9271-4234-8E8B-1547DEF4BEBB}.Release|x86.ActiveCfg = Release|Win32
		{46641B66-9271-4234-8E8B-1547DEF4BEBB}.Release|x86.Build.0 = Release|Win32
		{A0B0AE9E-6E31-49FC-818F-94B0D10BB9F8}.Debug|Any CPU.ActiveCfg = Debug|x86
		{A0B0AE9E-6E31-49FC-818F-94B0D10BB9F8}.Debug|Any CPU.Build.0 = Debug|x86
		{A0B0AE9E-6E31-49FC-818F-94B0D10BB9F8}.Debug|ARM.ActiveCfg = Debug|ARM
		{A0B0AE9E-6E31-49FC-818F-94B0D10BB9F8}.Debug|ARM.Build.0 = Debug|ARM
		{A0B0AE9E-6E31-49FC-818F-94B0D10BB9F8}.Debug|x64.ActiveCfg = Debug|x64
		{A0B0AE9E-6E31-49FC-818F-94B0D10BB9F8}.Debug|x64.Build.0 = Debug|x64
		{A0B0AE9E-6E31-49FC-818F-94B0D10BB9F8}.Debug|x86.ActiveCfg = Debug|x86
		{A0B0AE9E-6E31-49FC-818F-94B0D10BB9F8}.Debug|x86.Build.0 = Debug|x86
		{A0B0AE9E-6E31-49FC-818F-94B0D10BB9F8}.Release|Any CPU.ActiveCfg = Release|Any CPU
		{A0B0AE9E-6E31-49FC-818F-94B0D10BB9F8}.Release|Any CPU.Build.0 = Release|Any CPU
		{A0B0AE9E-6E31-49FC-818F-94B0D10BB9F8}.Release|ARM.ActiveCfg = Release|ARM
		{A0B0AE9E-6E31-49FC-818F-94B0D10BB9F8}.Release|ARM.Build.0 = Release|ARM
		{A0B0AE9E-6E31-49FC-818F-94B0D10BB9F8}.Release|x64.ActiveCfg = Release|x64
		{A0B0AE9E-6E31-49FC-818F-94B0D10BB9F8}.Release|x64.Build.0 = Release|x64
		{A0B0AE9E-6E31-49FC-818F-94B0D10BB9F8}.Release|x86.ActiveCfg = Release|x86
		{A0B0AE9E-6E31-49FC-818F-94B0D10BB9F8}.Release|x86.Build.0 = Release|x86
		{D0EC9A71-0C47-4F57-8A36-587596418681}.Debug|Any CPU.ActiveCfg = Debug|x86
		{D0EC9A71-0C47-4F57-8A36-587596418681}.Debug|Any CPU.Build.0 = Debug|x86
		{D0EC9A71-0C47-4F57-8A36-587596418681}.Debug|ARM.ActiveCfg = Debug|ARM
		{D0EC9A71-0C47-4F57-8A36-587596418681}.Debug|ARM.Build.0 = Debug|ARM
		{D0EC9A71-0C47-4F57-8A36-587596418681}.Debug|x64.ActiveCfg = Debug|x64
		{D0EC9A71-0C47-4F57-8A36-587596418681}.Debug|x64.Build.0 = Debug|x64
		{D0EC9A71-0C47-4F57-8A36-587596418681}.Debug|x86.ActiveCfg = Debug|x86
		{D0EC9A71-0C47-4F57-8A36-587596418681}.Debug|x86.Build.0 = Debug|x86
		{D0EC9A71-0C47-4F57-8A36-587596418681}.Release|Any CPU.ActiveCfg = Release|Any CPU
		{D0EC9A71-0C47-4F57-8A36-587596418681}.Release|Any CPU.Build.0 = Release|Any CPU
		{D0EC9A71-0C47-4F57-8A36-587596418681}.Release|ARM.ActiveCfg = Release|ARM
		{D0EC9A71-0C47-4F57-8A36-587596418681}.Release|ARM.Build.0 = Release|ARM
		{D0EC9A71-0C47-4F57-8A36-587596418681}.Release|x64.ActiveCfg = Release|x64
		{D0EC9A71-0C47-4F57-8A36-587596418681}.Release|x64.Build.0 = Release|x64
		{D0EC9A71-0C47-4F57-8A36-587596418681}.Release|x86.ActiveCfg = Release|x86
		{D0EC9A71-0C47-4F57-8A36-587596418681}.Release|x86.Build.0 = Release|x86
		{C6FD53CC-6841-4956-81DA-40BDB332705E}.Debug|Any CPU.ActiveCfg = Debug|Any CPU
		{C6FD53CC-6841-4956-81DA-40BDB332705E}.Debug|Any CPU.Build.0 = Debug|Any CPU
		{C6FD53CC-6841-4956-81DA-40BDB332705E}.Debug|ARM.ActiveCfg = Debug|ARM
		{C6FD53CC-6841-4956-81DA-40BDB332705E}.Debug|ARM.Build.0 = Debug|ARM
		{C6FD53CC-6841-4956-81DA-40BDB332705E}.Debug|x64.ActiveCfg = Debug|x64
		{C6FD53CC-6841-4956-81DA-40BDB332705E}.Debug|x64.Build.0 = Debug|x64
		{C6FD53CC-6841-4956-81DA-40BDB332705E}.Debug|x86.ActiveCfg = Debug|x86
		{C6FD53CC-6841-4956-81DA-40BDB332705E}.Debug|x86.Build.0 = Debug|x86
		{C6FD53CC-6841-4956-81DA-40BDB332705E}.Release|Any CPU.ActiveCfg = Release|Any CPU
		{C6FD53CC-6841-4956-81DA-40BDB332705E}.Release|Any CPU.Build.0 = Release|Any CPU
		{C6FD53CC-6841-4956-81DA-40BDB332705E}.Release|ARM.ActiveCfg = Release|ARM
		{C6FD53CC-6841-4956-81DA-40BDB332705E}.Release|ARM.Build.0 = Release|ARM
		{C6FD53CC-6841-4956-81DA-40BDB332705E}.Release|x64.ActiveCfg = Release|x64
		{C6FD53CC-6841-4956-81DA-40BDB332705E}.Release|x64.Build.0 = Release|x64
		{C6FD53CC-6841-4956-81DA-40BDB332705E}.Release|x86.ActiveCfg = Release|x86
		{C6FD53CC-6841-4956-81DA-40BDB332705E}.Release|x86.Build.0 = Release|x86
		{9DA8728A-EE56-48C5-92EC-087DBFC9BF18}.Debug|Any CPU.ActiveCfg = Debug|Any CPU
		{9DA8728A-EE56-48C5-92EC-087DBFC9BF18}.Debug|Any CPU.Build.0 = Debug|Any CPU
		{9DA8728A-EE56-48C5-92EC-087DBFC9BF18}.Debug|ARM.ActiveCfg = Debug|ARM
		{9DA8728A-EE56-48C5-92EC-087DBFC9BF18}.Debug|ARM.Build.0 = Debug|ARM
		{9DA8728A-EE56-48C5-92EC-087DBFC9BF18}.Debug|x64.ActiveCfg = Debug|x64
		{9DA8728A-EE56-48C5-92EC-087DBFC9BF18}.Debug|x64.Build.0 = Debug|x64
		{9DA8728A-EE56-48C5-92EC-087DBFC9BF18}.Debug|x86.ActiveCfg = Debug|x86
		{9DA8728A-EE56-48C5-92EC-087DBFC9BF18}.Debug|x86.Build.0 = Debug|x86
		{9DA8728A-EE56-48C5-92EC-087DBFC9BF18}.Release|Any CPU.ActiveCfg = Release|Any CPU
		{9DA8728A-EE56-48C5-92EC-087DBFC9BF18}.Release|Any CPU.Build.0 = Release|Any CPU
		{9DA8728A-EE56-48C5-92EC-087DBFC9BF18}.Release|ARM.ActiveCfg = Release|ARM
		{9DA8728A-EE56-48C5-92EC-087DBFC9BF18}.Release|ARM.Build.0 = Release|ARM
		{9DA8728A-EE56-48C5-92EC-087DBFC9BF18}.Release|x64.ActiveCfg = Release|x64
		{9DA8728A-EE56-48C5-92EC-087DBFC9BF18}.Release|x64.Build.0 = Release|x64
		{9DA8728A-EE56-48C5-92EC-087DBFC9BF18}.Release|x86.ActiveCfg = Release|x86
		{9DA8728A-EE56-48C5-92EC-087DBFC9BF18}.Release|x86.Build.0 = Release|x86
		{AF740215-006D-4021-A019-6127B64DAE88}.Debug|Any CPU.ActiveCfg = Debug|Any CPU
		{AF740215-006D-4021-A019-6127B64DAE88}.Debug|Any CPU.Build.0 = Debug|Any CPU
		{AF740215-006D-4021-A019-6127B64DAE88}.Debug|ARM.ActiveCfg = Debug|ARM
		{AF740215-006D-4021-A019-6127B64DAE88}.Debug|ARM.Build.0 = Debug|ARM
		{AF740215-006D-4021-A019-6127B64DAE88}.Debug|x64.ActiveCfg = Debug|x64
		{AF740215-006D-4021-A019-6127B64DAE88}.Debug|x64.Build.0 = Debug|x64
		{AF740215-006D-4021-A019-6127B64DAE88}.Debug|x86.ActiveCfg = Debug|x86
		{AF740215-006D-4021-A019-6127B64DAE88}.Debug|x86.Build.0 = Debug|x86
		{AF740215-006D-4021-A019-6127B64DAE88}.Release|Any CPU.ActiveCfg = Release|Any CPU
		{AF740215-006D-4021-A019-6127B64DAE88}.Release|Any CPU.Build.0 = Release|Any CPU
		{AF740215-006D-4021-A019-6127B64DAE88}.Release|ARM.ActiveCfg = Release|ARM
		{AF740215-006D-4021-A019-6127B64DAE88}.Release|ARM.Build.0 = Release|ARM
		{AF740215-006D-4021-A019-6127B64DAE88}.Release|x64.ActiveCfg = Release|x64
		{AF740215-006D-4021-A019-6127B64DAE88}.Release|x64.Build.0 = Release|x64
		{AF740215-006D-4021-A019-6127B64DAE88}.Release|x86.ActiveCfg = Release|x86
		{AF740215-006D-4021-A019-6127B64DAE88}.Release|x86.Build.0 = Release|x86
		{A1673557-C45C-457B-BD38-597549771075}.Debug|Any CPU.ActiveCfg = Debug|Any CPU
		{A1673557-C45C-457B-BD38-597549771075}.Debug|Any CPU.Build.0 = Debug|Any CPU
		{A1673557-C45C-457B-BD38-597549771075}.Debug|ARM.ActiveCfg = Debug|ARM
		{A1673557-C45C-457B-BD38-597549771075}.Debug|ARM.Build.0 = Debug|ARM
		{A1673557-C45C-457B-BD38-597549771075}.Debug|x64.ActiveCfg = Debug|x64
		{A1673557-C45C-457B-BD38-597549771075}.Debug|x64.Build.0 = Debug|x64
		{A1673557-C45C-457B-BD38-597549771075}.Debug|x86.ActiveCfg = Debug|x86
		{A1673557-C45C-457B-BD38-597549771075}.Debug|x86.Build.0 = Debug|x86
		{A1673557-C45C-457B-BD38-597549771075}.Release|Any CPU.ActiveCfg = Release|Any CPU
		{A1673557-C45C-457B-BD38-597549771075}.Release|Any CPU.Build.0 = Release|Any CPU
		{A1673557-C45C-457B-BD38-597549771075}.Release|ARM.ActiveCfg = Release|ARM
		{A1673557-C45C-457B-BD38-597549771075}.Release|ARM.Build.0 = Release|ARM
		{A1673557-C45C-457B-BD38-597549771075}.Release|x64.ActiveCfg = Release|x64
		{A1673557-C45C-457B-BD38-597549771075}.Release|x64.Build.0 = Release|x64
		{A1673557-C45C-457B-BD38-597549771075}.Release|x86.ActiveCfg = Release|x86
		{A1673557-C45C-457B-BD38-597549771075}.Release|x86.Build.0 = Release|x86
		{2B675E07-0441-4FA5-9F46-435EFFD17A01}.Debug|Any CPU.ActiveCfg = Debug|Any CPU
		{2B675E07-0441-4FA5-9F46-435EFFD17A01}.Debug|Any CPU.Build.0 = Debug|Any CPU
		{2B675E07-0441-4FA5-9F46-435EFFD17A01}.Debug|ARM.ActiveCfg = Debug|ARM
		{2B675E07-0441-4FA5-9F46-435EFFD17A01}.Debug|ARM.Build.0 = Debug|ARM
		{2B675E07-0441-4FA5-9F46-435EFFD17A01}.Debug|x64.ActiveCfg = Debug|x64
		{2B675E07-0441-4FA5-9F46-435EFFD17A01}.Debug|x64.Build.0 = Debug|x64
		{2B675E07-0441-4FA5-9F46-435EFFD17A01}.Debug|x86.ActiveCfg = Debug|x86
		{2B675E07-0441-4FA5-9F46-435EFFD17A01}.Debug|x86.Build.0 = Debug|x86
		{2B675E07-0441-4FA5-9F46-435EFFD17A01}.Release|Any CPU.ActiveCfg = Release|Any CPU
		{2B675E07-0441-4FA5-9F46-435EFFD17A01}.Release|Any CPU.Build.0 = Release|Any CPU
		{2B675E07-0441-4FA5-9F46-435EFFD17A01}.Release|ARM.ActiveCfg = Release|ARM
		{2B675E07-0441-4FA5-9F46-435EFFD17A01}.Release|ARM.Build.0 = Release|ARM
		{2B675E07-0441-4FA5-9F46-435EFFD17A01}.Release|x64.ActiveCfg = Release|x64
		{2B675E07-0441-4FA5-9F46-435EFFD17A01}.Release|x64.Build.0 = Release|x64
		{2B675E07-0441-4FA5-9F46-435EFFD17A01}.Release|x86.ActiveCfg = Release|x86
		{2B675E07-0441-4FA5-9F46-435EFFD17A01}.Release|x86.Build.0 = Release|x86
		{E2C002A8-3C66-4D75-AF99-0DD636AE1691}.Debug|Any CPU.ActiveCfg = Debug|Any CPU
		{E2C002A8-3C66-4D75-AF99-0DD636AE1691}.Debug|Any CPU.Build.0 = Debug|Any CPU
		{E2C002A8-3C66-4D75-AF99-0DD636AE1691}.Debug|ARM.ActiveCfg = Debug|ARM
		{E2C002A8-3C66-4D75-AF99-0DD636AE1691}.Debug|ARM.Build.0 = Debug|ARM
		{E2C002A8-3C66-4D75-AF99-0DD636AE1691}.Debug|x64.ActiveCfg = Debug|x64
		{E2C002A8-3C66-4D75-AF99-0DD636AE1691}.Debug|x64.Build.0 = Debug|x64
		{E2C002A8-3C66-4D75-AF99-0DD636AE1691}.Debug|x86.ActiveCfg = Debug|x86
		{E2C002A8-3C66-4D75-AF99-0DD636AE1691}.Debug|x86.Build.0 = Debug|x86
		{E2C002A8-3C66-4D75-AF99-0DD636AE1691}.Release|Any CPU.ActiveCfg = Release|Any CPU
		{E2C002A8-3C66-4D75-AF99-0DD636AE1691}.Release|Any CPU.Build.0 = Release|Any CPU
		{E2C002A8-3C66-4D75-AF99-0DD636AE1691}.Release|ARM.ActiveCfg = Release|ARM
		{E2C002A8-3C66-4D75-AF99-0DD636AE1691}.Release|ARM.Build.0 = Release|ARM
		{E2C002A8-3C66-4D75-AF99-0DD636AE1691}.Release|x64.ActiveCfg = Release|x64
		{E2C002A8-3C66-4D75-AF99-0DD636AE1691}.Release|x64.Build.0 = Release|x64
		{E2C002A8-3C66-4D75-AF99-0DD636AE1691}.Release|x86.ActiveCfg = Release|x86
		{E2C002A8-3C66-4D75-AF99-0DD636AE1691}.Release|x86.Build.0 = Release|x86
		{BA6A5B9A-62CE-40E2-B9E4-EAAFC1910D60}.Debug|Any CPU.ActiveCfg = Debug|Any CPU
		{BA6A5B9A-62CE-40E2-B9E4-EAAFC1910D60}.Debug|Any CPU.Build.0 = Debug|Any CPU
		{BA6A5B9A-62CE-40E2-B9E4-EAAFC1910D60}.Debug|ARM.ActiveCfg = Debug|ARM
		{BA6A5B9A-62CE-40E2-B9E4-EAAFC1910D60}.Debug|ARM.Build.0 = Debug|ARM
		{BA6A5B9A-62CE-40E2-B9E4-EAAFC1910D60}.Debug|x64.ActiveCfg = Debug|x64
		{BA6A5B9A-62CE-40E2-B9E4-EAAFC1910D60}.Debug|x64.Build.0 = Debug|x64
		{BA6A5B9A-62CE-40E2-B9E4-EAAFC1910D60}.Debug|x86.ActiveCfg = Debug|x86
		{BA6A5B9A-62CE-40E2-B9E4-EAAFC1910D60}.Debug|x86.Build.0 = Debug|x86
		{BA6A5B9A-62CE-40E2-B9E4-EAAFC1910D60}.Release|Any CPU.ActiveCfg = Release|Any CPU
		{BA6A5B9A-62CE-40E2-B9E4-EAAFC1910D60}.Release|Any CPU.Build.0 = Release|Any CPU
		{BA6A5B9A-62CE-40E2-B9E4-EAAFC1910D60}.Release|ARM.ActiveCfg = Release|ARM
		{BA6A5B9A-62CE-40E2-B9E4-EAAFC1910D60}.Release|ARM.Build.0 = Release|ARM
		{BA6A5B9A-62CE-40E2-B9E4-EAAFC1910D60}.Release|x64.ActiveCfg = Release|x64
		{BA6A5B9A-62CE-40E2-B9E4-EAAFC1910D60}.Release|x64.Build.0 = Release|x64
		{BA6A5B9A-62CE-40E2-B9E4-EAAFC1910D60}.Release|x86.ActiveCfg = Release|x86
		{BA6A5B9A-62CE-40E2-B9E4-EAAFC1910D60}.Release|x86.Build.0 = Release|x86
		{FB95C4C7-5C90-4B6D-A35D-0A96BCA47E5F}.Debug|Any CPU.ActiveCfg = Debug|Any CPU
		{FB95C4C7-5C90-4B6D-A35D-0A96BCA47E5F}.Debug|Any CPU.Build.0 = Debug|Any CPU
		{FB95C4C7-5C90-4B6D-A35D-0A96BCA47E5F}.Debug|ARM.ActiveCfg = Debug|ARM
		{FB95C4C7-5C90-4B6D-A35D-0A96BCA47E5F}.Debug|ARM.Build.0 = Debug|ARM
		{FB95C4C7-5C90-4B6D-A35D-0A96BCA47E5F}.Debug|ARM.Deploy.0 = Debug|ARM
		{FB95C4C7-5C90-4B6D-A35D-0A96BCA47E5F}.Debug|x64.ActiveCfg = Debug|x64
		{FB95C4C7-5C90-4B6D-A35D-0A96BCA47E5F}.Debug|x64.Build.0 = Debug|x64
		{FB95C4C7-5C90-4B6D-A35D-0A96BCA47E5F}.Debug|x86.ActiveCfg = Debug|x86
		{FB95C4C7-5C90-4B6D-A35D-0A96BCA47E5F}.Debug|x86.Build.0 = Debug|x86
		{FB95C4C7-5C90-4B6D-A35D-0A96BCA47E5F}.Release|Any CPU.ActiveCfg = Release|Any CPU
		{FB95C4C7-5C90-4B6D-A35D-0A96BCA47E5F}.Release|Any CPU.Build.0 = Release|Any CPU
		{FB95C4C7-5C90-4B6D-A35D-0A96BCA47E5F}.Release|ARM.ActiveCfg = Release|ARM
		{FB95C4C7-5C90-4B6D-A35D-0A96BCA47E5F}.Release|ARM.Build.0 = Release|ARM
		{FB95C4C7-5C90-4B6D-A35D-0A96BCA47E5F}.Release|x64.ActiveCfg = Release|x64
		{FB95C4C7-5C90-4B6D-A35D-0A96BCA47E5F}.Release|x64.Build.0 = Release|x64
		{FB95C4C7-5C90-4B6D-A35D-0A96BCA47E5F}.Release|x86.ActiveCfg = Release|x86
		{FB95C4C7-5C90-4B6D-A35D-0A96BCA47E5F}.Release|x86.Build.0 = Release|x86
		{6B8D0662-B290-451D-ADD6-73634A7F0C33}.Debug|Any CPU.ActiveCfg = Debug|Any CPU
		{6B8D0662-B290-451D-ADD6-73634A7F0C33}.Debug|Any CPU.Build.0 = Debug|Any CPU
		{6B8D0662-B290-451D-ADD6-73634A7F0C33}.Debug|ARM.ActiveCfg = Debug|ARM
		{6B8D0662-B290-451D-ADD6-73634A7F0C33}.Debug|ARM.Build.0 = Debug|ARM
		{6B8D0662-B290-451D-ADD6-73634A7F0C33}.Debug|x64.ActiveCfg = Debug|x64
		{6B8D0662-B290-451D-ADD6-73634A7F0C33}.Debug|x64.Build.0 = Debug|x64
		{6B8D0662-B290-451D-ADD6-73634A7F0C33}.Debug|x86.ActiveCfg = Debug|x86
		{6B8D0662-B290-451D-ADD6-73634A7F0C33}.Debug|x86.Build.0 = Debug|x86
		{6B8D0662-B290-451D-ADD6-73634A7F0C33}.Release|Any CPU.ActiveCfg = Release|Any CPU
		{6B8D0662-B290-451D-ADD6-73634A7F0C33}.Release|Any CPU.Build.0 = Release|Any CPU
		{6B8D0662-B290-451D-ADD6-73634A7F0C33}.Release|ARM.ActiveCfg = Release|ARM
		{6B8D0662-B290-451D-ADD6-73634A7F0C33}.Release|ARM.Build.0 = Release|ARM
		{6B8D0662-B290-451D-ADD6-73634A7F0C33}.Release|x64.ActiveCfg = Release|x64
		{6B8D0662-B290-451D-ADD6-73634A7F0C33}.Release|x64.Build.0 = Release|x64
		{6B8D0662-B290-451D-ADD6-73634A7F0C33}.Release|x86.ActiveCfg = Release|x86
		{6B8D0662-B290-451D-ADD6-73634A7F0C33}.Release|x86.Build.0 = Release|x86
	EndGlobalSection
	GlobalSection(SolutionProperties) = preSolution
		HideSolutionNode = FALSE
	EndGlobalSection
	GlobalSection(NestedProjects) = preSolution
		{9A870600-EEAF-4076-ACC2-0408D2542563} = {9A34D20F-B24A-4D5B-A8A5-202BCFEC4E61}
		{B70FC52F-D02C-4F41-9CB9-E64DFDE544D7} = {775030D7-24C8-4B61-91F0-05B12415CBF6}
		{CC927EA9-4DB7-43E0-8B80-459549DED0D8} = {29FB8613-0843-42DD-A2B7-0218E6FDD0E2}
		{E830F9D6-8173-4B0B-9ECE-CAADFA531B54} = {C5BFFE36-A37E-4153-8549-2D8C82517128}
		{46641B66-9271-4234-8E8B-1547DEF4BEBB} = {C5BFFE36-A37E-4153-8549-2D8C82517128}
		{A0B0AE9E-6E31-49FC-818F-94B0D10BB9F8} = {3A0ABAA4-C65D-4625-9D9B-934D4FA706A0}
		{D0EC9A71-0C47-4F57-8A36-587596418681} = {A9AC4793-AD7F-4D72-9F67-18838F92AD51}
		{C6FD53CC-6841-4956-81DA-40BDB332705E} = {3A0ABAA4-C65D-4625-9D9B-934D4FA706A0}
		{9DA8728A-EE56-48C5-92EC-087DBFC9BF18} = {3A0ABAA4-C65D-4625-9D9B-934D4FA706A0}
		{AF740215-006D-4021-A019-6127B64DAE88} = {DB1D6C0F-5AFC-4193-8E53-B0D9848D2A33}
		{A1673557-C45C-457B-BD38-597549771075} = {26441922-0B30-43AD-BC24-CD181762FFC1}
		{2B675E07-0441-4FA5-9F46-435EFFD17A01} = {9A34D20F-B24A-4D5B-A8A5-202BCFEC4E61}
		{E2C002A8-3C66-4D75-AF99-0DD636AE1691} = {9A34D20F-B24A-4D5B-A8A5-202BCFEC4E61}
		{BA6A5B9A-62CE-40E2-B9E4-EAAFC1910D60} = {26441922-0B30-43AD-BC24-CD181762FFC1}
		{FB95C4C7-5C90-4B6D-A35D-0A96BCA47E5F} = {29FB8613-0843-42DD-A2B7-0218E6FDD0E2}
		{6B8D0662-B290-451D-ADD6-73634A7F0C33} = {775030D7-24C8-4B61-91F0-05B12415CBF6}
	EndGlobalSection
EndGlobal
