
Microsoft Visual Studio Solution File, Format Version 12.00
# Visual Studio 15
VisualStudioVersion = 15.0.27130.2010
MinimumVisualStudioVersion = 10.0.40219.1
Project("{2150E333-8FDC-42A3-9474-1A3956D46DE8}") = "Azure", "Azure", "{26441922-0B30-43AD-BC24-CD181762FFC1}"
EndProject
Project("{2150E333-8FDC-42A3-9474-1A3956D46DE8}") = "Services", "Services", "{9A34D20F-B24A-4D5B-A8A5-202BCFEC4E61}"
EndProject
Project("{FAE04EC0-301F-11D3-BF4B-00C04F79EFBC}") = "Euricom.IoT.Api", "Services\Euricom.IoT.Api\Euricom.IoT.Api.csproj", "{9A870600-EEAF-4076-ACC2-0408D2542563}"
	ProjectSection(ProjectDependencies) = postProject
		{FB95C4C7-5C90-4B6D-A35D-0A96BCA47E5F} = {FB95C4C7-5C90-4B6D-A35D-0A96BCA47E5F}
	EndProjectSection
EndProject
Project("{2150E333-8FDC-42A3-9474-1A3956D46DE8}") = "Infrastructure", "Infrastructure", "{775030D7-24C8-4B61-91F0-05B12415CBF6}"
EndProject
Project("{FAE04EC0-301F-11D3-BF4B-00C04F79EFBC}") = "Euricom.IoT.Messaging", "Infrastructure\Euricom.IoT.Messaging\Euricom.IoT.Messaging.csproj", "{B70FC52F-D02C-4F41-9CB9-E64DFDE544D7}"
EndProject
Project("{2150E333-8FDC-42A3-9474-1A3956D46DE8}") = "UI", "UI", "{29FB8613-0843-42DD-A2B7-0218E6FDD0E2}"
EndProject
Project("{FAE04EC0-301F-11D3-BF4B-00C04F79EFBC}") = "Euricom.IoT.UI", "UI\Euricom.IoT.UI\Euricom.IoT.UI.csproj", "{CC927EA9-4DB7-43E0-8B80-459549DED0D8}"
EndProject
Project("{2150E333-8FDC-42A3-9474-1A3956D46DE8}") = "Testing", "Testing", "{A506A4B5-8F75-4182-A4F6-42B0D23304D9}"
EndProject
Project("{2150E333-8FDC-42A3-9474-1A3956D46DE8}") = "Devices", "Devices", "{3A0ABAA4-C65D-4625-9D9B-934D4FA706A0}"
EndProject
Project("{FAE04EC0-301F-11D3-BF4B-00C04F79EFBC}") = "Euricom.IoT.ZWave", "Euricom.IoT.ZWave\Euricom.IoT.ZWave.csproj", "{A0B0AE9E-6E31-49FC-818F-94B0D10BB9F8}"
EndProject
Project("{2150E333-8FDC-42A3-9474-1A3956D46DE8}") = "Database", "Database", "{A9AC4793-AD7F-4D72-9F67-18838F92AD51}"
EndProject
Project("{FAE04EC0-301F-11D3-BF4B-00C04F79EFBC}") = "Euricom.IoT.DataLayer", "Euricom.IoT.DataLayer\Euricom.IoT.DataLayer.csproj", "{D0EC9A71-0C47-4F57-8A36-587596418681}"
EndProject
Project("{FAE04EC0-301F-11D3-BF4B-00C04F79EFBC}") = "Euricom.IoT.Devices.LazyBone", "Euricom.IoT.Devices.LazyBone\Euricom.IoT.Devices.LazyBone.csproj", "{C6FD53CC-6841-4956-81DA-40BDB332705E}"
EndProject
Project("{FAE04EC0-301F-11D3-BF4B-00C04F79EFBC}") = "Euricom.IoT.Devices.Camera", "Euricom.IoT.Devices.Camera\Euricom.IoT.Devices.Camera.csproj", "{9DA8728A-EE56-48C5-92EC-087DBFC9BF18}"
EndProject
Project("{2150E333-8FDC-42A3-9474-1A3956D46DE8}") = "Common", "Common", "{DB1D6C0F-5AFC-4193-8E53-B0D9848D2A33}"
EndProject
Project("{FAE04EC0-301F-11D3-BF4B-00C04F79EFBC}") = "Euricom.IoT.Models", "Euricom.IoT.Models\Euricom.IoT.Models.csproj", "{AF740215-006D-4021-A019-6127B64DAE88}"
EndProject
Project("{FAE04EC0-301F-11D3-BF4B-00C04F79EFBC}") = "Euricom.IoT.AzureDeviceManager", "Euricom.IoT.AzureDeviceManager\Euricom.IoT.AzureDeviceManager.csproj", "{A1673557-C45C-457B-BD38-597549771075}"
EndProject
Project("{FAE04EC0-301F-11D3-BF4B-00C04F79EFBC}") = "Euricom.IoT.Api.Managers", "Euricom.IoT.Api.Managers\Euricom.IoT.Api.Managers.csproj", "{2B675E07-0441-4FA5-9F46-435EFFD17A01}"
EndProject
Project("{FAE04EC0-301F-11D3-BF4B-00C04F79EFBC}") = "Euricom.IoT.Monitoring", "Euricom.IoT.Monitoring\Euricom.IoT.Monitoring.csproj", "{E2C002A8-3C66-4D75-AF99-0DD636AE1691}"
EndProject
Project("{FAE04EC0-301F-11D3-BF4B-00C04F79EFBC}") = "Euricom.IoT.AzureBlobStorage", "Euricom.IoT.AzureBlobStorage\Euricom.IoT.AzureBlobStorage.csproj", "{BA6A5B9A-62CE-40E2-B9E4-EAAFC1910D60}"
EndProject
Project("{FAE04EC0-301F-11D3-BF4B-00C04F79EFBC}") = "Euricom.IoT.UI.WebAdministration", "Euricom.IoT.UI.WebAdministration\Euricom.IoT.UI.WebAdministration.csproj", "{FB95C4C7-5C90-4B6D-A35D-0A96BCA47E5F}"
EndProject
Project("{FAE04EC0-301F-11D3-BF4B-00C04F79EFBC}") = "Euricom.IoT.Logging", "Euricom.IoT.Logging\Euricom.IoT.Logging.csproj", "{6B8D0662-B290-451D-ADD6-73634A7F0C33}"
EndProject
Project("{2150E333-8FDC-42A3-9474-1A3956D46DE8}") = "Dropbox", "Dropbox", "{944413E9-1EEE-4FD1-8720-5A4BBA87CE2F}"
EndProject
Project("{FAE04EC0-301F-11D3-BF4B-00C04F79EFBC}") = "Euricom.IoT.Dropbox", "Euricom.IoT.Dropbox\Euricom.IoT.Dropbox.csproj", "{FE6440E6-C92E-4A85-AC19-1355356F4E34}"
EndProject
Project("{FAE04EC0-301F-11D3-BF4B-00C04F79EFBC}") = "Euricom.IoT.Security", "Euricom.IoT.Security\Euricom.IoT.Security.csproj", "{4CC1DA31-1F5A-42CC-835E-C233C1633CEB}"
EndProject
Project("{2150E333-8FDC-42A3-9474-1A3956D46DE8}") = "Restup", "Restup", "{2004A69B-2271-4147-AD0E-3E25906E532F}"
EndProject
Project("{FAE04EC0-301F-11D3-BF4B-00C04F79EFBC}") = "WebServer", "..\restup\src\WebServer\WebServer.csproj", "{837B8FF3-DED6-4DC7-AD58-DBB0B3E44DD4}"
EndProject
Project("{FAE04EC0-301F-11D3-BF4B-00C04F79EFBC}") = "WebServer.Logging", "..\restup\src\WebServer.Logging\WebServer.Logging.csproj", "{06A3D120-5923-4AD1-8411-7395A1EC6E94}"
EndProject
Project("{FAE04EC0-301F-11D3-BF4B-00C04F79EFBC}") = "Webserver.Models", "..\restup\src\Webserver.Models\Webserver.Models.csproj", "{0B20D095-2896-41A6-865D-172DFD5ECC99}"
EndProject
Project("{FAE04EC0-301F-11D3-BF4B-00C04F79EFBC}") = "Euricom.IoT.Common", "Euricom.IoT.Common\Euricom.IoT.Common.csproj", "{A0990875-4EBE-4CB7-AC1C-11855EB6280A}"
EndProject
Project("{FAE04EC0-301F-11D3-BF4B-00C04F79EFBC}") = "Euricom.IoT.Mailing", "Euricom.IoT.Mailing\Euricom.IoT.Mailing.csproj", "{621670D2-9491-4C59-AEA8-85F819DDF811}"
EndProject
Project("{FAE04EC0-301F-11D3-BF4B-00C04F79EFBC}") = "Euricom.IoT.Devices.WallMountSwitch", "Euricom.IoT.Devices.WallMountSwitch\Euricom.IoT.Devices.WallMountSwitch.csproj", "{9EDC1C3D-7E2B-4769-A260-8885487D45B7}"
EndProject
Project("{FAE04EC0-301F-11D3-BF4B-00C04F79EFBC}") = "Euricom.IoT.Devices.DanaLock", "Euricom.IoT.Devices.DanaLock\Euricom.IoT.Devices.DanaLock.csproj", "{3021FE48-A1A3-4C3D-9AA6-8601813ACAED}"
EndProject
Project("{FAE04EC0-301F-11D3-BF4B-00C04F79EFBC}") = "Euricom.IoT.Api.Models", "Services\Euricom.IoT.Api.Models\Euricom.IoT.Api.Models.csproj", "{BCAC3E11-F195-4C66-9E8F-B1E5B200E3BA}"
EndProject
Project("{FAE04EC0-301F-11D3-BF4B-00C04F79EFBC}") = "Euricom.IoT.Http", "Euricom.IoT.Http\Euricom.IoT.Http.csproj", "{0525E383-D416-4465-8B1D-A06E9D48CF9B}"
EndProject
Project("{FAE04EC0-301F-11D3-BF4B-00C04F79EFBC}") = "Euricom.IoT.Tcp", "Euricom.IoT.Tcp\Euricom.IoT.Tcp.csproj", "{01FA1D57-2394-40E7-87DC-756648D5E05C}"
EndProject
Project("{FAE04EC0-301F-11D3-BF4B-00C04F79EFBC}") = "Euricom.IoT.Devices.ZWave", "Euricom.IoT.Devices.ZWave\Euricom.IoT.Devices.ZWave.csproj", "{502B51BE-19CE-4CA8-AB8F-09D11F5A6B4A}"
EndProject
Project("{FAE04EC0-301F-11D3-BF4B-00C04F79EFBC}") = "Euricom.IoT.Interfaces", "Euricom.IoT.Interfaces\Euricom.IoT.Interfaces.csproj", "{23F9B361-6DCE-4CF7-8D6C-3913ED4B0903}"
EndProject
Global
	GlobalSection(SharedMSBuildProjectFiles) = preSolution
		..\restup\src\HttpMessage\HttpMessage.projitems*{837b8ff3-ded6-4dc7-ad58-dbb0b3e44dd4}*SharedItemsImports = 4
	EndGlobalSection
	GlobalSection(SolutionConfigurationPlatforms) = preSolution
		Debug|Any CPU = Debug|Any CPU
		Debug|ARM = Debug|ARM
		Debug|x64 = Debug|x64
		Debug|x86 = Debug|x86
		Release|Any CPU = Release|Any CPU
		Release|ARM = Release|ARM
		Release|x64 = Release|x64
		Release|x86 = Release|x86
	EndGlobalSection
	GlobalSection(ProjectConfigurationPlatforms) = postSolution
		{9A870600-EEAF-4076-ACC2-0408D2542563}.Debug|Any CPU.ActiveCfg = Debug|Any CPU
		{9A870600-EEAF-4076-ACC2-0408D2542563}.Debug|Any CPU.Build.0 = Debug|Any CPU
		{9A870600-EEAF-4076-ACC2-0408D2542563}.Debug|ARM.ActiveCfg = Debug|ARM
		{9A870600-EEAF-4076-ACC2-0408D2542563}.Debug|ARM.Build.0 = Debug|ARM
		{9A870600-EEAF-4076-ACC2-0408D2542563}.Debug|x64.ActiveCfg = Debug|x64
		{9A870600-EEAF-4076-ACC2-0408D2542563}.Debug|x64.Build.0 = Debug|x64
		{9A870600-EEAF-4076-ACC2-0408D2542563}.Debug|x64.Deploy.0 = Debug|x64
		{9A870600-EEAF-4076-ACC2-0408D2542563}.Debug|x86.ActiveCfg = Debug|x86
		{9A870600-EEAF-4076-ACC2-0408D2542563}.Debug|x86.Build.0 = Debug|x86
		{9A870600-EEAF-4076-ACC2-0408D2542563}.Debug|x86.Deploy.0 = Debug|x86
		{9A870600-EEAF-4076-ACC2-0408D2542563}.Release|Any CPU.ActiveCfg = Release|x86
		{9A870600-EEAF-4076-ACC2-0408D2542563}.Release|ARM.ActiveCfg = Release|ARM
		{9A870600-EEAF-4076-ACC2-0408D2542563}.Release|ARM.Build.0 = Release|ARM
		{9A870600-EEAF-4076-ACC2-0408D2542563}.Release|ARM.Deploy.0 = Release|ARM
		{9A870600-EEAF-4076-ACC2-0408D2542563}.Release|x64.ActiveCfg = Release|x64
		{9A870600-EEAF-4076-ACC2-0408D2542563}.Release|x64.Build.0 = Release|x64
		{9A870600-EEAF-4076-ACC2-0408D2542563}.Release|x64.Deploy.0 = Release|x64
		{9A870600-EEAF-4076-ACC2-0408D2542563}.Release|x86.ActiveCfg = Release|x86
		{9A870600-EEAF-4076-ACC2-0408D2542563}.Release|x86.Build.0 = Release|x86
		{9A870600-EEAF-4076-ACC2-0408D2542563}.Release|x86.Deploy.0 = Release|x86
		{B70FC52F-D02C-4F41-9CB9-E64DFDE544D7}.Debug|Any CPU.ActiveCfg = Debug|Any CPU
		{B70FC52F-D02C-4F41-9CB9-E64DFDE544D7}.Debug|Any CPU.Build.0 = Debug|Any CPU
		{B70FC52F-D02C-4F41-9CB9-E64DFDE544D7}.Debug|ARM.ActiveCfg = Debug|ARM
		{B70FC52F-D02C-4F41-9CB9-E64DFDE544D7}.Debug|ARM.Build.0 = Debug|ARM
		{B70FC52F-D02C-4F41-9CB9-E64DFDE544D7}.Debug|x64.ActiveCfg = Debug|x64
		{B70FC52F-D02C-4F41-9CB9-E64DFDE544D7}.Debug|x64.Build.0 = Debug|x64
		{B70FC52F-D02C-4F41-9CB9-E64DFDE544D7}.Debug|x86.ActiveCfg = Debug|x86
		{B70FC52F-D02C-4F41-9CB9-E64DFDE544D7}.Debug|x86.Build.0 = Debug|x86
		{B70FC52F-D02C-4F41-9CB9-E64DFDE544D7}.Release|Any CPU.ActiveCfg = Release|Any CPU
		{B70FC52F-D02C-4F41-9CB9-E64DFDE544D7}.Release|Any CPU.Build.0 = Release|Any CPU
		{B70FC52F-D02C-4F41-9CB9-E64DFDE544D7}.Release|ARM.ActiveCfg = Release|ARM
		{B70FC52F-D02C-4F41-9CB9-E64DFDE544D7}.Release|ARM.Build.0 = Release|ARM
		{B70FC52F-D02C-4F41-9CB9-E64DFDE544D7}.Release|x64.ActiveCfg = Release|x64
		{B70FC52F-D02C-4F41-9CB9-E64DFDE544D7}.Release|x64.Build.0 = Release|x64
		{B70FC52F-D02C-4F41-9CB9-E64DFDE544D7}.Release|x86.ActiveCfg = Release|x86
		{B70FC52F-D02C-4F41-9CB9-E64DFDE544D7}.Release|x86.Build.0 = Release|x86
		{CC927EA9-4DB7-43E0-8B80-459549DED0D8}.Debug|Any CPU.ActiveCfg = Debug|Any CPU
		{CC927EA9-4DB7-43E0-8B80-459549DED0D8}.Debug|Any CPU.Build.0 = Debug|Any CPU
		{CC927EA9-4DB7-43E0-8B80-459549DED0D8}.Debug|Any CPU.Deploy.0 = Debug|Any CPU
		{CC927EA9-4DB7-43E0-8B80-459549DED0D8}.Debug|ARM.ActiveCfg = Debug|ARM
		{CC927EA9-4DB7-43E0-8B80-459549DED0D8}.Debug|ARM.Build.0 = Debug|ARM
		{CC927EA9-4DB7-43E0-8B80-459549DED0D8}.Debug|ARM.Deploy.0 = Debug|ARM
		{CC927EA9-4DB7-43E0-8B80-459549DED0D8}.Debug|x64.ActiveCfg = Debug|x64
		{CC927EA9-4DB7-43E0-8B80-459549DED0D8}.Debug|x64.Build.0 = Debug|x64
		{CC927EA9-4DB7-43E0-8B80-459549DED0D8}.Debug|x64.Deploy.0 = Debug|x64
		{CC927EA9-4DB7-43E0-8B80-459549DED0D8}.Debug|x86.ActiveCfg = Debug|x86
		{CC927EA9-4DB7-43E0-8B80-459549DED0D8}.Debug|x86.Build.0 = Debug|x86
		{CC927EA9-4DB7-43E0-8B80-459549DED0D8}.Debug|x86.Deploy.0 = Debug|x86
		{CC927EA9-4DB7-43E0-8B80-459549DED0D8}.Release|Any CPU.ActiveCfg = Release|x86
		{CC927EA9-4DB7-43E0-8B80-459549DED0D8}.Release|ARM.ActiveCfg = Release|ARM
		{CC927EA9-4DB7-43E0-8B80-459549DED0D8}.Release|ARM.Build.0 = Release|ARM
		{CC927EA9-4DB7-43E0-8B80-459549DED0D8}.Release|ARM.Deploy.0 = Release|ARM
		{CC927EA9-4DB7-43E0-8B80-459549DED0D8}.Release|x64.ActiveCfg = Release|x64
		{CC927EA9-4DB7-43E0-8B80-459549DED0D8}.Release|x64.Build.0 = Release|x64
		{CC927EA9-4DB7-43E0-8B80-459549DED0D8}.Release|x64.Deploy.0 = Release|x64
		{CC927EA9-4DB7-43E0-8B80-459549DED0D8}.Release|x86.ActiveCfg = Release|x86
		{CC927EA9-4DB7-43E0-8B80-459549DED0D8}.Release|x86.Build.0 = Release|x86
		{CC927EA9-4DB7-43E0-8B80-459549DED0D8}.Release|x86.Deploy.0 = Release|x86
		{A0B0AE9E-6E31-49FC-818F-94B0D10BB9F8}.Debug|Any CPU.ActiveCfg = Debug|Any CPU
		{A0B0AE9E-6E31-49FC-818F-94B0D10BB9F8}.Debug|Any CPU.Build.0 = Debug|Any CPU
		{A0B0AE9E-6E31-49FC-818F-94B0D10BB9F8}.Debug|ARM.ActiveCfg = Debug|ARM
		{A0B0AE9E-6E31-49FC-818F-94B0D10BB9F8}.Debug|ARM.Build.0 = Debug|ARM
		{A0B0AE9E-6E31-49FC-818F-94B0D10BB9F8}.Debug|x64.ActiveCfg = Debug|x64
		{A0B0AE9E-6E31-49FC-818F-94B0D10BB9F8}.Debug|x64.Build.0 = Debug|x64
		{A0B0AE9E-6E31-49FC-818F-94B0D10BB9F8}.Debug|x86.ActiveCfg = Debug|x86
		{A0B0AE9E-6E31-49FC-818F-94B0D10BB9F8}.Debug|x86.Build.0 = Debug|x86
		{A0B0AE9E-6E31-49FC-818F-94B0D10BB9F8}.Release|Any CPU.ActiveCfg = Release|Any CPU
		{A0B0AE9E-6E31-49FC-818F-94B0D10BB9F8}.Release|Any CPU.Build.0 = Release|Any CPU
		{A0B0AE9E-6E31-49FC-818F-94B0D10BB9F8}.Release|ARM.ActiveCfg = Release|ARM
		{A0B0AE9E-6E31-49FC-818F-94B0D10BB9F8}.Release|ARM.Build.0 = Release|ARM
		{A0B0AE9E-6E31-49FC-818F-94B0D10BB9F8}.Release|x64.ActiveCfg = Release|x64
		{A0B0AE9E-6E31-49FC-818F-94B0D10BB9F8}.Release|x64.Build.0 = Release|x64
		{A0B0AE9E-6E31-49FC-818F-94B0D10BB9F8}.Release|x86.ActiveCfg = Release|x86
		{A0B0AE9E-6E31-49FC-818F-94B0D10BB9F8}.Release|x86.Build.0 = Release|x86
		{D0EC9A71-0C47-4F57-8A36-587596418681}.Debug|Any CPU.ActiveCfg = Debug|Any CPU
		{D0EC9A71-0C47-4F57-8A36-587596418681}.Debug|Any CPU.Build.0 = Debug|Any CPU
		{D0EC9A71-0C47-4F57-8A36-587596418681}.Debug|ARM.ActiveCfg = Debug|ARM
		{D0EC9A71-0C47-4F57-8A36-587596418681}.Debug|ARM.Build.0 = Debug|ARM
		{D0EC9A71-0C47-4F57-8A36-587596418681}.Debug|x64.ActiveCfg = Debug|x64
		{D0EC9A71-0C47-4F57-8A36-587596418681}.Debug|x64.Build.0 = Debug|x64
		{D0EC9A71-0C47-4F57-8A36-587596418681}.Debug|x86.ActiveCfg = Debug|x86
		{D0EC9A71-0C47-4F57-8A36-587596418681}.Debug|x86.Build.0 = Debug|x86
		{D0EC9A71-0C47-4F57-8A36-587596418681}.Release|Any CPU.ActiveCfg = Release|Any CPU
		{D0EC9A71-0C47-4F57-8A36-587596418681}.Release|Any CPU.Build.0 = Release|Any CPU
		{D0EC9A71-0C47-4F57-8A36-587596418681}.Release|ARM.ActiveCfg = Release|ARM
		{D0EC9A71-0C47-4F57-8A36-587596418681}.Release|ARM.Build.0 = Release|ARM
		{D0EC9A71-0C47-4F57-8A36-587596418681}.Release|x64.ActiveCfg = Release|x64
		{D0EC9A71-0C47-4F57-8A36-587596418681}.Release|x64.Build.0 = Release|x64
		{D0EC9A71-0C47-4F57-8A36-587596418681}.Release|x86.ActiveCfg = Release|x86
		{D0EC9A71-0C47-4F57-8A36-587596418681}.Release|x86.Build.0 = Release|x86
		{C6FD53CC-6841-4956-81DA-40BDB332705E}.Debug|Any CPU.ActiveCfg = Debug|Any CPU
		{C6FD53CC-6841-4956-81DA-40BDB332705E}.Debug|Any CPU.Build.0 = Debug|Any CPU
		{C6FD53CC-6841-4956-81DA-40BDB332705E}.Debug|ARM.ActiveCfg = Debug|ARM
		{C6FD53CC-6841-4956-81DA-40BDB332705E}.Debug|ARM.Build.0 = Debug|ARM
		{C6FD53CC-6841-4956-81DA-40BDB332705E}.Debug|x64.ActiveCfg = Debug|x64
		{C6FD53CC-6841-4956-81DA-40BDB332705E}.Debug|x64.Build.0 = Debug|x64
		{C6FD53CC-6841-4956-81DA-40BDB332705E}.Debug|x86.ActiveCfg = Debug|x86
		{C6FD53CC-6841-4956-81DA-40BDB332705E}.Debug|x86.Build.0 = Debug|x86
		{C6FD53CC-6841-4956-81DA-40BDB332705E}.Release|Any CPU.ActiveCfg = Release|Any CPU
		{C6FD53CC-6841-4956-81DA-40BDB332705E}.Release|Any CPU.Build.0 = Release|Any CPU
		{C6FD53CC-6841-4956-81DA-40BDB332705E}.Release|ARM.ActiveCfg = Release|ARM
		{C6FD53CC-6841-4956-81DA-40BDB332705E}.Release|ARM.Build.0 = Release|ARM
		{C6FD53CC-6841-4956-81DA-40BDB332705E}.Release|x64.ActiveCfg = Release|x64
		{C6FD53CC-6841-4956-81DA-40BDB332705E}.Release|x64.Build.0 = Release|x64
		{C6FD53CC-6841-4956-81DA-40BDB332705E}.Release|x86.ActiveCfg = Release|x86
		{C6FD53CC-6841-4956-81DA-40BDB332705E}.Release|x86.Build.0 = Release|x86
		{9DA8728A-EE56-48C5-92EC-087DBFC9BF18}.Debug|Any CPU.ActiveCfg = Debug|Any CPU
		{9DA8728A-EE56-48C5-92EC-087DBFC9BF18}.Debug|Any CPU.Build.0 = Debug|Any CPU
		{9DA8728A-EE56-48C5-92EC-087DBFC9BF18}.Debug|ARM.ActiveCfg = Debug|ARM
		{9DA8728A-EE56-48C5-92EC-087DBFC9BF18}.Debug|ARM.Build.0 = Debug|ARM
		{9DA8728A-EE56-48C5-92EC-087DBFC9BF18}.Debug|x64.ActiveCfg = Debug|x64
		{9DA8728A-EE56-48C5-92EC-087DBFC9BF18}.Debug|x64.Build.0 = Debug|x64
		{9DA8728A-EE56-48C5-92EC-087DBFC9BF18}.Debug|x86.ActiveCfg = Debug|x86
		{9DA8728A-EE56-48C5-92EC-087DBFC9BF18}.Debug|x86.Build.0 = Debug|x86
		{9DA8728A-EE56-48C5-92EC-087DBFC9BF18}.Release|Any CPU.ActiveCfg = Release|Any CPU
		{9DA8728A-EE56-48C5-92EC-087DBFC9BF18}.Release|Any CPU.Build.0 = Release|Any CPU
		{9DA8728A-EE56-48C5-92EC-087DBFC9BF18}.Release|ARM.ActiveCfg = Release|ARM
		{9DA8728A-EE56-48C5-92EC-087DBFC9BF18}.Release|ARM.Build.0 = Release|ARM
		{9DA8728A-EE56-48C5-92EC-087DBFC9BF18}.Release|x64.ActiveCfg = Release|x64
		{9DA8728A-EE56-48C5-92EC-087DBFC9BF18}.Release|x64.Build.0 = Release|x64
		{9DA8728A-EE56-48C5-92EC-087DBFC9BF18}.Release|x86.ActiveCfg = Release|x86
		{9DA8728A-EE56-48C5-92EC-087DBFC9BF18}.Release|x86.Build.0 = Release|x86
		{AF740215-006D-4021-A019-6127B64DAE88}.Debug|Any CPU.ActiveCfg = Debug|Any CPU
		{AF740215-006D-4021-A019-6127B64DAE88}.Debug|Any CPU.Build.0 = Debug|Any CPU
		{AF740215-006D-4021-A019-6127B64DAE88}.Debug|ARM.ActiveCfg = Debug|ARM
		{AF740215-006D-4021-A019-6127B64DAE88}.Debug|ARM.Build.0 = Debug|ARM
		{AF740215-006D-4021-A019-6127B64DAE88}.Debug|x64.ActiveCfg = Debug|x64
		{AF740215-006D-4021-A019-6127B64DAE88}.Debug|x64.Build.0 = Debug|x64
		{AF740215-006D-4021-A019-6127B64DAE88}.Debug|x86.ActiveCfg = Debug|x86
		{AF740215-006D-4021-A019-6127B64DAE88}.Debug|x86.Build.0 = Debug|x86
		{AF740215-006D-4021-A019-6127B64DAE88}.Release|Any CPU.ActiveCfg = Release|Any CPU
		{AF740215-006D-4021-A019-6127B64DAE88}.Release|Any CPU.Build.0 = Release|Any CPU
		{AF740215-006D-4021-A019-6127B64DAE88}.Release|ARM.ActiveCfg = Release|ARM
		{AF740215-006D-4021-A019-6127B64DAE88}.Release|ARM.Build.0 = Release|ARM
		{AF740215-006D-4021-A019-6127B64DAE88}.Release|x64.ActiveCfg = Release|x64
		{AF740215-006D-4021-A019-6127B64DAE88}.Release|x64.Build.0 = Release|x64
		{AF740215-006D-4021-A019-6127B64DAE88}.Release|x86.ActiveCfg = Release|x86
		{AF740215-006D-4021-A019-6127B64DAE88}.Release|x86.Build.0 = Release|x86
		{A1673557-C45C-457B-BD38-597549771075}.Debug|Any CPU.ActiveCfg = Debug|Any CPU
		{A1673557-C45C-457B-BD38-597549771075}.Debug|Any CPU.Build.0 = Debug|Any CPU
		{A1673557-C45C-457B-BD38-597549771075}.Debug|ARM.ActiveCfg = Debug|ARM
		{A1673557-C45C-457B-BD38-597549771075}.Debug|ARM.Build.0 = Debug|ARM
		{A1673557-C45C-457B-BD38-597549771075}.Debug|x64.ActiveCfg = Debug|x64
		{A1673557-C45C-457B-BD38-597549771075}.Debug|x64.Build.0 = Debug|x64
		{A1673557-C45C-457B-BD38-597549771075}.Debug|x86.ActiveCfg = Debug|x86
		{A1673557-C45C-457B-BD38-597549771075}.Debug|x86.Build.0 = Debug|x86
		{A1673557-C45C-457B-BD38-597549771075}.Release|Any CPU.ActiveCfg = Release|Any CPU
		{A1673557-C45C-457B-BD38-597549771075}.Release|Any CPU.Build.0 = Release|Any CPU
		{A1673557-C45C-457B-BD38-597549771075}.Release|ARM.ActiveCfg = Release|ARM
		{A1673557-C45C-457B-BD38-597549771075}.Release|ARM.Build.0 = Release|ARM
		{A1673557-C45C-457B-BD38-597549771075}.Release|x64.ActiveCfg = Release|x64
		{A1673557-C45C-457B-BD38-597549771075}.Release|x64.Build.0 = Release|x64
		{A1673557-C45C-457B-BD38-597549771075}.Release|x86.ActiveCfg = Release|x86
		{A1673557-C45C-457B-BD38-597549771075}.Release|x86.Build.0 = Release|x86
		{2B675E07-0441-4FA5-9F46-435EFFD17A01}.Debug|Any CPU.ActiveCfg = Debug|Any CPU
		{2B675E07-0441-4FA5-9F46-435EFFD17A01}.Debug|Any CPU.Build.0 = Debug|Any CPU
		{2B675E07-0441-4FA5-9F46-435EFFD17A01}.Debug|ARM.ActiveCfg = Debug|ARM
		{2B675E07-0441-4FA5-9F46-435EFFD17A01}.Debug|ARM.Build.0 = Debug|ARM
		{2B675E07-0441-4FA5-9F46-435EFFD17A01}.Debug|x64.ActiveCfg = Debug|x64
		{2B675E07-0441-4FA5-9F46-435EFFD17A01}.Debug|x64.Build.0 = Debug|x64
		{2B675E07-0441-4FA5-9F46-435EFFD17A01}.Debug|x86.ActiveCfg = Debug|x86
		{2B675E07-0441-4FA5-9F46-435EFFD17A01}.Debug|x86.Build.0 = Debug|x86
		{2B675E07-0441-4FA5-9F46-435EFFD17A01}.Release|Any CPU.ActiveCfg = Release|Any CPU
		{2B675E07-0441-4FA5-9F46-435EFFD17A01}.Release|Any CPU.Build.0 = Release|Any CPU
		{2B675E07-0441-4FA5-9F46-435EFFD17A01}.Release|ARM.ActiveCfg = Release|ARM
		{2B675E07-0441-4FA5-9F46-435EFFD17A01}.Release|ARM.Build.0 = Release|ARM
		{2B675E07-0441-4FA5-9F46-435EFFD17A01}.Release|x64.ActiveCfg = Release|x64
		{2B675E07-0441-4FA5-9F46-435EFFD17A01}.Release|x64.Build.0 = Release|x64
		{2B675E07-0441-4FA5-9F46-435EFFD17A01}.Release|x86.ActiveCfg = Release|x86
		{2B675E07-0441-4FA5-9F46-435EFFD17A01}.Release|x86.Build.0 = Release|x86
		{E2C002A8-3C66-4D75-AF99-0DD636AE1691}.Debug|Any CPU.ActiveCfg = Debug|Any CPU
		{E2C002A8-3C66-4D75-AF99-0DD636AE1691}.Debug|Any CPU.Build.0 = Debug|Any CPU
		{E2C002A8-3C66-4D75-AF99-0DD636AE1691}.Debug|ARM.ActiveCfg = Debug|ARM
		{E2C002A8-3C66-4D75-AF99-0DD636AE1691}.Debug|ARM.Build.0 = Debug|ARM
		{E2C002A8-3C66-4D75-AF99-0DD636AE1691}.Debug|x64.ActiveCfg = Debug|x64
		{E2C002A8-3C66-4D75-AF99-0DD636AE1691}.Debug|x64.Build.0 = Debug|x64
		{E2C002A8-3C66-4D75-AF99-0DD636AE1691}.Debug|x86.ActiveCfg = Debug|x86
		{E2C002A8-3C66-4D75-AF99-0DD636AE1691}.Debug|x86.Build.0 = Debug|x86
		{E2C002A8-3C66-4D75-AF99-0DD636AE1691}.Release|Any CPU.ActiveCfg = Release|Any CPU
		{E2C002A8-3C66-4D75-AF99-0DD636AE1691}.Release|Any CPU.Build.0 = Release|Any CPU
		{E2C002A8-3C66-4D75-AF99-0DD636AE1691}.Release|ARM.ActiveCfg = Release|ARM
		{E2C002A8-3C66-4D75-AF99-0DD636AE1691}.Release|ARM.Build.0 = Release|ARM
		{E2C002A8-3C66-4D75-AF99-0DD636AE1691}.Release|x64.ActiveCfg = Release|x64
		{E2C002A8-3C66-4D75-AF99-0DD636AE1691}.Release|x64.Build.0 = Release|x64
		{E2C002A8-3C66-4D75-AF99-0DD636AE1691}.Release|x86.ActiveCfg = Release|x86
		{E2C002A8-3C66-4D75-AF99-0DD636AE1691}.Release|x86.Build.0 = Release|x86
		{BA6A5B9A-62CE-40E2-B9E4-EAAFC1910D60}.Debug|Any CPU.ActiveCfg = Debug|Any CPU
		{BA6A5B9A-62CE-40E2-B9E4-EAAFC1910D60}.Debug|Any CPU.Build.0 = Debug|Any CPU
		{BA6A5B9A-62CE-40E2-B9E4-EAAFC1910D60}.Debug|ARM.ActiveCfg = Debug|ARM
		{BA6A5B9A-62CE-40E2-B9E4-EAAFC1910D60}.Debug|ARM.Build.0 = Debug|ARM
		{BA6A5B9A-62CE-40E2-B9E4-EAAFC1910D60}.Debug|x64.ActiveCfg = Debug|x64
		{BA6A5B9A-62CE-40E2-B9E4-EAAFC1910D60}.Debug|x64.Build.0 = Debug|x64
		{BA6A5B9A-62CE-40E2-B9E4-EAAFC1910D60}.Debug|x86.ActiveCfg = Debug|x86
		{BA6A5B9A-62CE-40E2-B9E4-EAAFC1910D60}.Debug|x86.Build.0 = Debug|x86
		{BA6A5B9A-62CE-40E2-B9E4-EAAFC1910D60}.Release|Any CPU.ActiveCfg = Release|Any CPU
		{BA6A5B9A-62CE-40E2-B9E4-EAAFC1910D60}.Release|Any CPU.Build.0 = Release|Any CPU
		{BA6A5B9A-62CE-40E2-B9E4-EAAFC1910D60}.Release|ARM.ActiveCfg = Release|ARM
		{BA6A5B9A-62CE-40E2-B9E4-EAAFC1910D60}.Release|ARM.Build.0 = Release|ARM
		{BA6A5B9A-62CE-40E2-B9E4-EAAFC1910D60}.Release|x64.ActiveCfg = Release|x64
		{BA6A5B9A-62CE-40E2-B9E4-EAAFC1910D60}.Release|x64.Build.0 = Release|x64
		{BA6A5B9A-62CE-40E2-B9E4-EAAFC1910D60}.Release|x86.ActiveCfg = Release|x86
		{BA6A5B9A-62CE-40E2-B9E4-EAAFC1910D60}.Release|x86.Build.0 = Release|x86
		{FB95C4C7-5C90-4B6D-A35D-0A96BCA47E5F}.Debug|Any CPU.ActiveCfg = Debug|Any CPU
		{FB95C4C7-5C90-4B6D-A35D-0A96BCA47E5F}.Debug|Any CPU.Build.0 = Debug|Any CPU
		{FB95C4C7-5C90-4B6D-A35D-0A96BCA47E5F}.Debug|ARM.ActiveCfg = Debug|ARM
		{FB95C4C7-5C90-4B6D-A35D-0A96BCA47E5F}.Debug|ARM.Build.0 = Debug|ARM
		{FB95C4C7-5C90-4B6D-A35D-0A96BCA47E5F}.Debug|ARM.Deploy.0 = Debug|ARM
		{FB95C4C7-5C90-4B6D-A35D-0A96BCA47E5F}.Debug|x64.ActiveCfg = Debug|x64
		{FB95C4C7-5C90-4B6D-A35D-0A96BCA47E5F}.Debug|x64.Build.0 = Debug|x64
		{FB95C4C7-5C90-4B6D-A35D-0A96BCA47E5F}.Debug|x86.ActiveCfg = Debug|x86
		{FB95C4C7-5C90-4B6D-A35D-0A96BCA47E5F}.Debug|x86.Build.0 = Debug|x86
		{FB95C4C7-5C90-4B6D-A35D-0A96BCA47E5F}.Release|Any CPU.ActiveCfg = Release|Any CPU
		{FB95C4C7-5C90-4B6D-A35D-0A96BCA47E5F}.Release|Any CPU.Build.0 = Release|Any CPU
		{FB95C4C7-5C90-4B6D-A35D-0A96BCA47E5F}.Release|ARM.ActiveCfg = Release|ARM
		{FB95C4C7-5C90-4B6D-A35D-0A96BCA47E5F}.Release|ARM.Build.0 = Release|ARM
		{FB95C4C7-5C90-4B6D-A35D-0A96BCA47E5F}.Release|x64.ActiveCfg = Release|x64
		{FB95C4C7-5C90-4B6D-A35D-0A96BCA47E5F}.Release|x64.Build.0 = Release|x64
		{FB95C4C7-5C90-4B6D-A35D-0A96BCA47E5F}.Release|x86.ActiveCfg = Release|x86
		{FB95C4C7-5C90-4B6D-A35D-0A96BCA47E5F}.Release|x86.Build.0 = Release|x86
		{6B8D0662-B290-451D-ADD6-73634A7F0C33}.Debug|Any CPU.ActiveCfg = Debug|Any CPU
		{6B8D0662-B290-451D-ADD6-73634A7F0C33}.Debug|Any CPU.Build.0 = Debug|Any CPU
		{6B8D0662-B290-451D-ADD6-73634A7F0C33}.Debug|ARM.ActiveCfg = Debug|ARM
		{6B8D0662-B290-451D-ADD6-73634A7F0C33}.Debug|ARM.Build.0 = Debug|ARM
		{6B8D0662-B290-451D-ADD6-73634A7F0C33}.Debug|x64.ActiveCfg = Debug|x64
		{6B8D0662-B290-451D-ADD6-73634A7F0C33}.Debug|x64.Build.0 = Debug|x64
		{6B8D0662-B290-451D-ADD6-73634A7F0C33}.Debug|x86.ActiveCfg = Debug|x86
		{6B8D0662-B290-451D-ADD6-73634A7F0C33}.Debug|x86.Build.0 = Debug|x86
		{6B8D0662-B290-451D-ADD6-73634A7F0C33}.Release|Any CPU.ActiveCfg = Release|Any CPU
		{6B8D0662-B290-451D-ADD6-73634A7F0C33}.Release|Any CPU.Build.0 = Release|Any CPU
		{6B8D0662-B290-451D-ADD6-73634A7F0C33}.Release|ARM.ActiveCfg = Release|ARM
		{6B8D0662-B290-451D-ADD6-73634A7F0C33}.Release|ARM.Build.0 = Release|ARM
		{6B8D0662-B290-451D-ADD6-73634A7F0C33}.Release|x64.ActiveCfg = Release|x64
		{6B8D0662-B290-451D-ADD6-73634A7F0C33}.Release|x64.Build.0 = Release|x64
		{6B8D0662-B290-451D-ADD6-73634A7F0C33}.Release|x86.ActiveCfg = Release|x86
		{6B8D0662-B290-451D-ADD6-73634A7F0C33}.Release|x86.Build.0 = Release|x86
		{FE6440E6-C92E-4A85-AC19-1355356F4E34}.Debug|Any CPU.ActiveCfg = Debug|Any CPU
		{FE6440E6-C92E-4A85-AC19-1355356F4E34}.Debug|Any CPU.Build.0 = Debug|Any CPU
		{FE6440E6-C92E-4A85-AC19-1355356F4E34}.Debug|ARM.ActiveCfg = Debug|ARM
		{FE6440E6-C92E-4A85-AC19-1355356F4E34}.Debug|ARM.Build.0 = Debug|ARM
		{FE6440E6-C92E-4A85-AC19-1355356F4E34}.Debug|x64.ActiveCfg = Debug|x64
		{FE6440E6-C92E-4A85-AC19-1355356F4E34}.Debug|x64.Build.0 = Debug|x64
		{FE6440E6-C92E-4A85-AC19-1355356F4E34}.Debug|x86.ActiveCfg = Debug|x86
		{FE6440E6-C92E-4A85-AC19-1355356F4E34}.Debug|x86.Build.0 = Debug|x86
		{FE6440E6-C92E-4A85-AC19-1355356F4E34}.Release|Any CPU.ActiveCfg = Release|Any CPU
		{FE6440E6-C92E-4A85-AC19-1355356F4E34}.Release|Any CPU.Build.0 = Release|Any CPU
		{FE6440E6-C92E-4A85-AC19-1355356F4E34}.Release|ARM.ActiveCfg = Release|ARM
		{FE6440E6-C92E-4A85-AC19-1355356F4E34}.Release|ARM.Build.0 = Release|ARM
		{FE6440E6-C92E-4A85-AC19-1355356F4E34}.Release|x64.ActiveCfg = Release|x64
		{FE6440E6-C92E-4A85-AC19-1355356F4E34}.Release|x64.Build.0 = Release|x64
		{FE6440E6-C92E-4A85-AC19-1355356F4E34}.Release|x86.ActiveCfg = Release|x86
		{FE6440E6-C92E-4A85-AC19-1355356F4E34}.Release|x86.Build.0 = Release|x86
		{4CC1DA31-1F5A-42CC-835E-C233C1633CEB}.Debug|Any CPU.ActiveCfg = Debug|Any CPU
		{4CC1DA31-1F5A-42CC-835E-C233C1633CEB}.Debug|Any CPU.Build.0 = Debug|Any CPU
		{4CC1DA31-1F5A-42CC-835E-C233C1633CEB}.Debug|ARM.ActiveCfg = Debug|ARM
		{4CC1DA31-1F5A-42CC-835E-C233C1633CEB}.Debug|ARM.Build.0 = Debug|ARM
		{4CC1DA31-1F5A-42CC-835E-C233C1633CEB}.Debug|x64.ActiveCfg = Debug|x64
		{4CC1DA31-1F5A-42CC-835E-C233C1633CEB}.Debug|x64.Build.0 = Debug|x64
		{4CC1DA31-1F5A-42CC-835E-C233C1633CEB}.Debug|x86.ActiveCfg = Debug|x86
		{4CC1DA31-1F5A-42CC-835E-C233C1633CEB}.Debug|x86.Build.0 = Debug|x86
		{4CC1DA31-1F5A-42CC-835E-C233C1633CEB}.Release|Any CPU.ActiveCfg = Release|Any CPU
		{4CC1DA31-1F5A-42CC-835E-C233C1633CEB}.Release|Any CPU.Build.0 = Release|Any CPU
		{4CC1DA31-1F5A-42CC-835E-C233C1633CEB}.Release|ARM.ActiveCfg = Release|ARM
		{4CC1DA31-1F5A-42CC-835E-C233C1633CEB}.Release|ARM.Build.0 = Release|ARM
		{4CC1DA31-1F5A-42CC-835E-C233C1633CEB}.Release|x64.ActiveCfg = Release|x64
		{4CC1DA31-1F5A-42CC-835E-C233C1633CEB}.Release|x64.Build.0 = Release|x64
		{4CC1DA31-1F5A-42CC-835E-C233C1633CEB}.Release|x86.ActiveCfg = Release|x86
		{4CC1DA31-1F5A-42CC-835E-C233C1633CEB}.Release|x86.Build.0 = Release|x86
		{837B8FF3-DED6-4DC7-AD58-DBB0B3E44DD4}.Debug|Any CPU.ActiveCfg = Debug|Any CPU
		{837B8FF3-DED6-4DC7-AD58-DBB0B3E44DD4}.Debug|Any CPU.Build.0 = Debug|Any CPU
		{837B8FF3-DED6-4DC7-AD58-DBB0B3E44DD4}.Debug|ARM.ActiveCfg = Debug|ARM
		{837B8FF3-DED6-4DC7-AD58-DBB0B3E44DD4}.Debug|ARM.Build.0 = Debug|ARM
		{837B8FF3-DED6-4DC7-AD58-DBB0B3E44DD4}.Debug|x64.ActiveCfg = Debug|x64
		{837B8FF3-DED6-4DC7-AD58-DBB0B3E44DD4}.Debug|x64.Build.0 = Debug|x64
		{837B8FF3-DED6-4DC7-AD58-DBB0B3E44DD4}.Debug|x86.ActiveCfg = Debug|x86
		{837B8FF3-DED6-4DC7-AD58-DBB0B3E44DD4}.Debug|x86.Build.0 = Debug|x86
		{837B8FF3-DED6-4DC7-AD58-DBB0B3E44DD4}.Release|Any CPU.ActiveCfg = Release|Any CPU
		{837B8FF3-DED6-4DC7-AD58-DBB0B3E44DD4}.Release|Any CPU.Build.0 = Release|Any CPU
		{837B8FF3-DED6-4DC7-AD58-DBB0B3E44DD4}.Release|ARM.ActiveCfg = Release|ARM
		{837B8FF3-DED6-4DC7-AD58-DBB0B3E44DD4}.Release|ARM.Build.0 = Release|ARM
		{837B8FF3-DED6-4DC7-AD58-DBB0B3E44DD4}.Release|x64.ActiveCfg = Release|x64
		{837B8FF3-DED6-4DC7-AD58-DBB0B3E44DD4}.Release|x64.Build.0 = Release|x64
		{837B8FF3-DED6-4DC7-AD58-DBB0B3E44DD4}.Release|x86.ActiveCfg = Release|x86
		{837B8FF3-DED6-4DC7-AD58-DBB0B3E44DD4}.Release|x86.Build.0 = Release|x86
		{06A3D120-5923-4AD1-8411-7395A1EC6E94}.Debug|Any CPU.ActiveCfg = Debug|Any CPU
		{06A3D120-5923-4AD1-8411-7395A1EC6E94}.Debug|Any CPU.Build.0 = Debug|Any CPU
		{06A3D120-5923-4AD1-8411-7395A1EC6E94}.Debug|ARM.ActiveCfg = Debug|ARM
		{06A3D120-5923-4AD1-8411-7395A1EC6E94}.Debug|ARM.Build.0 = Debug|ARM
		{06A3D120-5923-4AD1-8411-7395A1EC6E94}.Debug|x64.ActiveCfg = Debug|x64
		{06A3D120-5923-4AD1-8411-7395A1EC6E94}.Debug|x64.Build.0 = Debug|x64
		{06A3D120-5923-4AD1-8411-7395A1EC6E94}.Debug|x86.ActiveCfg = Debug|x86
		{06A3D120-5923-4AD1-8411-7395A1EC6E94}.Debug|x86.Build.0 = Debug|x86
		{06A3D120-5923-4AD1-8411-7395A1EC6E94}.Release|Any CPU.ActiveCfg = Release|Any CPU
		{06A3D120-5923-4AD1-8411-7395A1EC6E94}.Release|Any CPU.Build.0 = Release|Any CPU
		{06A3D120-5923-4AD1-8411-7395A1EC6E94}.Release|ARM.ActiveCfg = Release|ARM
		{06A3D120-5923-4AD1-8411-7395A1EC6E94}.Release|ARM.Build.0 = Release|ARM
		{06A3D120-5923-4AD1-8411-7395A1EC6E94}.Release|x64.ActiveCfg = Release|x64
		{06A3D120-5923-4AD1-8411-7395A1EC6E94}.Release|x64.Build.0 = Release|x64
		{06A3D120-5923-4AD1-8411-7395A1EC6E94}.Release|x86.ActiveCfg = Release|x86
		{06A3D120-5923-4AD1-8411-7395A1EC6E94}.Release|x86.Build.0 = Release|x86
		{0B20D095-2896-41A6-865D-172DFD5ECC99}.Debug|Any CPU.ActiveCfg = Debug|Any CPU
		{0B20D095-2896-41A6-865D-172DFD5ECC99}.Debug|Any CPU.Build.0 = Debug|Any CPU
		{0B20D095-2896-41A6-865D-172DFD5ECC99}.Debug|ARM.ActiveCfg = Debug|ARM
		{0B20D095-2896-41A6-865D-172DFD5ECC99}.Debug|ARM.Build.0 = Debug|ARM
		{0B20D095-2896-41A6-865D-172DFD5ECC99}.Debug|x64.ActiveCfg = Debug|x64
		{0B20D095-2896-41A6-865D-172DFD5ECC99}.Debug|x64.Build.0 = Debug|x64
		{0B20D095-2896-41A6-865D-172DFD5ECC99}.Debug|x86.ActiveCfg = Debug|x86
		{0B20D095-2896-41A6-865D-172DFD5ECC99}.Debug|x86.Build.0 = Debug|x86
		{0B20D095-2896-41A6-865D-172DFD5ECC99}.Release|Any CPU.ActiveCfg = Release|Any CPU
		{0B20D095-2896-41A6-865D-172DFD5ECC99}.Release|Any CPU.Build.0 = Release|Any CPU
		{0B20D095-2896-41A6-865D-172DFD5ECC99}.Release|ARM.ActiveCfg = Release|ARM
		{0B20D095-2896-41A6-865D-172DFD5ECC99}.Release|ARM.Build.0 = Release|ARM
		{0B20D095-2896-41A6-865D-172DFD5ECC99}.Release|x64.ActiveCfg = Release|x64
		{0B20D095-2896-41A6-865D-172DFD5ECC99}.Release|x64.Build.0 = Release|x64
		{0B20D095-2896-41A6-865D-172DFD5ECC99}.Release|x86.ActiveCfg = Release|x86
		{0B20D095-2896-41A6-865D-172DFD5ECC99}.Release|x86.Build.0 = Release|x86
		{A0990875-4EBE-4CB7-AC1C-11855EB6280A}.Debug|Any CPU.ActiveCfg = Debug|Any CPU
		{A0990875-4EBE-4CB7-AC1C-11855EB6280A}.Debug|Any CPU.Build.0 = Debug|Any CPU
		{A0990875-4EBE-4CB7-AC1C-11855EB6280A}.Debug|ARM.ActiveCfg = Debug|ARM
		{A0990875-4EBE-4CB7-AC1C-11855EB6280A}.Debug|ARM.Build.0 = Debug|ARM
		{A0990875-4EBE-4CB7-AC1C-11855EB6280A}.Debug|x64.ActiveCfg = Debug|x64
		{A0990875-4EBE-4CB7-AC1C-11855EB6280A}.Debug|x64.Build.0 = Debug|x64
		{A0990875-4EBE-4CB7-AC1C-11855EB6280A}.Debug|x86.ActiveCfg = Debug|x86
		{A0990875-4EBE-4CB7-AC1C-11855EB6280A}.Debug|x86.Build.0 = Debug|x86
		{A0990875-4EBE-4CB7-AC1C-11855EB6280A}.Release|Any CPU.ActiveCfg = Release|Any CPU
		{A0990875-4EBE-4CB7-AC1C-11855EB6280A}.Release|Any CPU.Build.0 = Release|Any CPU
		{A0990875-4EBE-4CB7-AC1C-11855EB6280A}.Release|ARM.ActiveCfg = Release|ARM
		{A0990875-4EBE-4CB7-AC1C-11855EB6280A}.Release|ARM.Build.0 = Release|ARM
		{A0990875-4EBE-4CB7-AC1C-11855EB6280A}.Release|x64.ActiveCfg = Release|x64
		{A0990875-4EBE-4CB7-AC1C-11855EB6280A}.Release|x64.Build.0 = Release|x64
		{A0990875-4EBE-4CB7-AC1C-11855EB6280A}.Release|x86.ActiveCfg = Release|x86
		{A0990875-4EBE-4CB7-AC1C-11855EB6280A}.Release|x86.Build.0 = Release|x86
		{621670D2-9491-4C59-AEA8-85F819DDF811}.Debug|Any CPU.ActiveCfg = Debug|Any CPU
		{621670D2-9491-4C59-AEA8-85F819DDF811}.Debug|Any CPU.Build.0 = Debug|Any CPU
		{621670D2-9491-4C59-AEA8-85F819DDF811}.Debug|ARM.ActiveCfg = Debug|ARM
		{621670D2-9491-4C59-AEA8-85F819DDF811}.Debug|ARM.Build.0 = Debug|ARM
		{621670D2-9491-4C59-AEA8-85F819DDF811}.Debug|x64.ActiveCfg = Debug|x64
		{621670D2-9491-4C59-AEA8-85F819DDF811}.Debug|x64.Build.0 = Debug|x64
		{621670D2-9491-4C59-AEA8-85F819DDF811}.Debug|x86.ActiveCfg = Debug|x86
		{621670D2-9491-4C59-AEA8-85F819DDF811}.Debug|x86.Build.0 = Debug|x86
		{621670D2-9491-4C59-AEA8-85F819DDF811}.Release|Any CPU.ActiveCfg = Release|Any CPU
		{621670D2-9491-4C59-AEA8-85F819DDF811}.Release|Any CPU.Build.0 = Release|Any CPU
		{621670D2-9491-4C59-AEA8-85F819DDF811}.Release|ARM.ActiveCfg = Release|ARM
		{621670D2-9491-4C59-AEA8-85F819DDF811}.Release|ARM.Build.0 = Release|ARM
		{621670D2-9491-4C59-AEA8-85F819DDF811}.Release|x64.ActiveCfg = Release|x64
		{621670D2-9491-4C59-AEA8-85F819DDF811}.Release|x64.Build.0 = Release|x64
		{621670D2-9491-4C59-AEA8-85F819DDF811}.Release|x86.ActiveCfg = Release|x86
		{621670D2-9491-4C59-AEA8-85F819DDF811}.Release|x86.Build.0 = Release|x86
		{9EDC1C3D-7E2B-4769-A260-8885487D45B7}.Debug|Any CPU.ActiveCfg = Debug|Any CPU
		{9EDC1C3D-7E2B-4769-A260-8885487D45B7}.Debug|Any CPU.Build.0 = Debug|Any CPU
		{9EDC1C3D-7E2B-4769-A260-8885487D45B7}.Debug|ARM.ActiveCfg = Debug|ARM
		{9EDC1C3D-7E2B-4769-A260-8885487D45B7}.Debug|ARM.Build.0 = Debug|ARM
		{9EDC1C3D-7E2B-4769-A260-8885487D45B7}.Debug|x64.ActiveCfg = Debug|x64
		{9EDC1C3D-7E2B-4769-A260-8885487D45B7}.Debug|x64.Build.0 = Debug|x64
		{9EDC1C3D-7E2B-4769-A260-8885487D45B7}.Debug|x86.ActiveCfg = Debug|x86
		{9EDC1C3D-7E2B-4769-A260-8885487D45B7}.Debug|x86.Build.0 = Debug|x86
		{9EDC1C3D-7E2B-4769-A260-8885487D45B7}.Release|Any CPU.ActiveCfg = Release|Any CPU
		{9EDC1C3D-7E2B-4769-A260-8885487D45B7}.Release|Any CPU.Build.0 = Release|Any CPU
		{9EDC1C3D-7E2B-4769-A260-8885487D45B7}.Release|ARM.ActiveCfg = Release|ARM
		{9EDC1C3D-7E2B-4769-A260-8885487D45B7}.Release|ARM.Build.0 = Release|ARM
		{9EDC1C3D-7E2B-4769-A260-8885487D45B7}.Release|x64.ActiveCfg = Release|x64
		{9EDC1C3D-7E2B-4769-A260-8885487D45B7}.Release|x64.Build.0 = Release|x64
		{9EDC1C3D-7E2B-4769-A260-8885487D45B7}.Release|x86.ActiveCfg = Release|x86
		{9EDC1C3D-7E2B-4769-A260-8885487D45B7}.Release|x86.Build.0 = Release|x86
		{3021FE48-A1A3-4C3D-9AA6-8601813ACAED}.Debug|Any CPU.ActiveCfg = Debug|Any CPU
		{3021FE48-A1A3-4C3D-9AA6-8601813ACAED}.Debug|Any CPU.Build.0 = Debug|Any CPU
		{3021FE48-A1A3-4C3D-9AA6-8601813ACAED}.Debug|ARM.ActiveCfg = Debug|ARM
		{3021FE48-A1A3-4C3D-9AA6-8601813ACAED}.Debug|ARM.Build.0 = Debug|ARM
		{3021FE48-A1A3-4C3D-9AA6-8601813ACAED}.Debug|x64.ActiveCfg = Debug|x64
		{3021FE48-A1A3-4C3D-9AA6-8601813ACAED}.Debug|x64.Build.0 = Debug|x64
		{3021FE48-A1A3-4C3D-9AA6-8601813ACAED}.Debug|x86.ActiveCfg = Debug|x86
		{3021FE48-A1A3-4C3D-9AA6-8601813ACAED}.Debug|x86.Build.0 = Debug|x86
		{3021FE48-A1A3-4C3D-9AA6-8601813ACAED}.Release|Any CPU.ActiveCfg = Release|Any CPU
		{3021FE48-A1A3-4C3D-9AA6-8601813ACAED}.Release|Any CPU.Build.0 = Release|Any CPU
		{3021FE48-A1A3-4C3D-9AA6-8601813ACAED}.Release|ARM.ActiveCfg = Release|ARM
		{3021FE48-A1A3-4C3D-9AA6-8601813ACAED}.Release|ARM.Build.0 = Release|ARM
		{3021FE48-A1A3-4C3D-9AA6-8601813ACAED}.Release|x64.ActiveCfg = Release|x64
		{3021FE48-A1A3-4C3D-9AA6-8601813ACAED}.Release|x64.Build.0 = Release|x64
		{3021FE48-A1A3-4C3D-9AA6-8601813ACAED}.Release|x86.ActiveCfg = Release|x86
		{3021FE48-A1A3-4C3D-9AA6-8601813ACAED}.Release|x86.Build.0 = Release|x86
		{BCAC3E11-F195-4C66-9E8F-B1E5B200E3BA}.Debug|Any CPU.ActiveCfg = Debug|Any CPU
		{BCAC3E11-F195-4C66-9E8F-B1E5B200E3BA}.Debug|Any CPU.Build.0 = Debug|Any CPU
		{BCAC3E11-F195-4C66-9E8F-B1E5B200E3BA}.Debug|ARM.ActiveCfg = Debug|ARM
		{BCAC3E11-F195-4C66-9E8F-B1E5B200E3BA}.Debug|ARM.Build.0 = Debug|ARM
		{BCAC3E11-F195-4C66-9E8F-B1E5B200E3BA}.Debug|x64.ActiveCfg = Debug|x64
		{BCAC3E11-F195-4C66-9E8F-B1E5B200E3BA}.Debug|x64.Build.0 = Debug|x64
		{BCAC3E11-F195-4C66-9E8F-B1E5B200E3BA}.Debug|x86.ActiveCfg = Debug|x86
		{BCAC3E11-F195-4C66-9E8F-B1E5B200E3BA}.Debug|x86.Build.0 = Debug|x86
		{BCAC3E11-F195-4C66-9E8F-B1E5B200E3BA}.Release|Any CPU.ActiveCfg = Release|Any CPU
		{BCAC3E11-F195-4C66-9E8F-B1E5B200E3BA}.Release|Any CPU.Build.0 = Release|Any CPU
		{BCAC3E11-F195-4C66-9E8F-B1E5B200E3BA}.Release|ARM.ActiveCfg = Release|ARM
		{BCAC3E11-F195-4C66-9E8F-B1E5B200E3BA}.Release|ARM.Build.0 = Release|ARM
		{BCAC3E11-F195-4C66-9E8F-B1E5B200E3BA}.Release|x64.ActiveCfg = Release|x64
		{BCAC3E11-F195-4C66-9E8F-B1E5B200E3BA}.Release|x64.Build.0 = Release|x64
		{BCAC3E11-F195-4C66-9E8F-B1E5B200E3BA}.Release|x86.ActiveCfg = Release|x86
		{BCAC3E11-F195-4C66-9E8F-B1E5B200E3BA}.Release|x86.Build.0 = Release|x86
		{0525E383-D416-4465-8B1D-A06E9D48CF9B}.Debug|Any CPU.ActiveCfg = Debug|Any CPU
		{0525E383-D416-4465-8B1D-A06E9D48CF9B}.Debug|Any CPU.Build.0 = Debug|Any CPU
		{0525E383-D416-4465-8B1D-A06E9D48CF9B}.Debug|ARM.ActiveCfg = Debug|ARM
		{0525E383-D416-4465-8B1D-A06E9D48CF9B}.Debug|ARM.Build.0 = Debug|ARM
		{0525E383-D416-4465-8B1D-A06E9D48CF9B}.Debug|x64.ActiveCfg = Debug|x64
		{0525E383-D416-4465-8B1D-A06E9D48CF9B}.Debug|x64.Build.0 = Debug|x64
		{0525E383-D416-4465-8B1D-A06E9D48CF9B}.Debug|x86.ActiveCfg = Debug|x86
		{0525E383-D416-4465-8B1D-A06E9D48CF9B}.Debug|x86.Build.0 = Debug|x86
		{0525E383-D416-4465-8B1D-A06E9D48CF9B}.Release|Any CPU.ActiveCfg = Release|Any CPU
		{0525E383-D416-4465-8B1D-A06E9D48CF9B}.Release|Any CPU.Build.0 = Release|Any CPU
		{0525E383-D416-4465-8B1D-A06E9D48CF9B}.Release|ARM.ActiveCfg = Release|ARM
		{0525E383-D416-4465-8B1D-A06E9D48CF9B}.Release|ARM.Build.0 = Release|ARM
		{0525E383-D416-4465-8B1D-A06E9D48CF9B}.Release|x64.ActiveCfg = Release|x64
		{0525E383-D416-4465-8B1D-A06E9D48CF9B}.Release|x64.Build.0 = Release|x64
		{0525E383-D416-4465-8B1D-A06E9D48CF9B}.Release|x86.ActiveCfg = Release|x86
		{0525E383-D416-4465-8B1D-A06E9D48CF9B}.Release|x86.Build.0 = Release|x86
		{01FA1D57-2394-40E7-87DC-756648D5E05C}.Debug|Any CPU.ActiveCfg = Debug|Any CPU
		{01FA1D57-2394-40E7-87DC-756648D5E05C}.Debug|Any CPU.Build.0 = Debug|Any CPU
		{01FA1D57-2394-40E7-87DC-756648D5E05C}.Debug|ARM.ActiveCfg = Debug|ARM
		{01FA1D57-2394-40E7-87DC-756648D5E05C}.Debug|ARM.Build.0 = Debug|ARM
		{01FA1D57-2394-40E7-87DC-756648D5E05C}.Debug|x64.ActiveCfg = Debug|x64
		{01FA1D57-2394-40E7-87DC-756648D5E05C}.Debug|x64.Build.0 = Debug|x64
		{01FA1D57-2394-40E7-87DC-756648D5E05C}.Debug|x86.ActiveCfg = Debug|x86
		{01FA1D57-2394-40E7-87DC-756648D5E05C}.Debug|x86.Build.0 = Debug|x86
		{01FA1D57-2394-40E7-87DC-756648D5E05C}.Release|Any CPU.ActiveCfg = Release|Any CPU
		{01FA1D57-2394-40E7-87DC-756648D5E05C}.Release|Any CPU.Build.0 = Release|Any CPU
		{01FA1D57-2394-40E7-87DC-756648D5E05C}.Release|ARM.ActiveCfg = Release|ARM
		{01FA1D57-2394-40E7-87DC-756648D5E05C}.Release|ARM.Build.0 = Release|ARM
		{01FA1D57-2394-40E7-87DC-756648D5E05C}.Release|x64.ActiveCfg = Release|x64
		{01FA1D57-2394-40E7-87DC-756648D5E05C}.Release|x64.Build.0 = Release|x64
		{01FA1D57-2394-40E7-87DC-756648D5E05C}.Release|x86.ActiveCfg = Release|x86
		{01FA1D57-2394-40E7-87DC-756648D5E05C}.Release|x86.Build.0 = Release|x86
		{502B51BE-19CE-4CA8-AB8F-09D11F5A6B4A}.Debug|Any CPU.ActiveCfg = Debug|Any CPU
		{502B51BE-19CE-4CA8-AB8F-09D11F5A6B4A}.Debug|Any CPU.Build.0 = Debug|Any CPU
		{502B51BE-19CE-4CA8-AB8F-09D11F5A6B4A}.Debug|ARM.ActiveCfg = Debug|ARM
		{502B51BE-19CE-4CA8-AB8F-09D11F5A6B4A}.Debug|ARM.Build.0 = Debug|ARM
		{502B51BE-19CE-4CA8-AB8F-09D11F5A6B4A}.Debug|x64.ActiveCfg = Debug|x64
		{502B51BE-19CE-4CA8-AB8F-09D11F5A6B4A}.Debug|x64.Build.0 = Debug|x64
		{502B51BE-19CE-4CA8-AB8F-09D11F5A6B4A}.Debug|x86.ActiveCfg = Debug|x86
		{502B51BE-19CE-4CA8-AB8F-09D11F5A6B4A}.Debug|x86.Build.0 = Debug|x86
		{502B51BE-19CE-4CA8-AB8F-09D11F5A6B4A}.Release|Any CPU.ActiveCfg = Release|Any CPU
		{502B51BE-19CE-4CA8-AB8F-09D11F5A6B4A}.Release|Any CPU.Build.0 = Release|Any CPU
		{502B51BE-19CE-4CA8-AB8F-09D11F5A6B4A}.Release|ARM.ActiveCfg = Release|ARM
		{502B51BE-19CE-4CA8-AB8F-09D11F5A6B4A}.Release|ARM.Build.0 = Release|ARM
		{502B51BE-19CE-4CA8-AB8F-09D11F5A6B4A}.Release|x64.ActiveCfg = Release|x64
		{502B51BE-19CE-4CA8-AB8F-09D11F5A6B4A}.Release|x64.Build.0 = Release|x64
		{502B51BE-19CE-4CA8-AB8F-09D11F5A6B4A}.Release|x86.ActiveCfg = Release|x86
		{502B51BE-19CE-4CA8-AB8F-09D11F5A6B4A}.Release|x86.Build.0 = Release|x86
		{23F9B361-6DCE-4CF7-8D6C-3913ED4B0903}.Debug|Any CPU.ActiveCfg = Debug|Any CPU
		{23F9B361-6DCE-4CF7-8D6C-3913ED4B0903}.Debug|Any CPU.Build.0 = Debug|Any CPU
		{23F9B361-6DCE-4CF7-8D6C-3913ED4B0903}.Debug|ARM.ActiveCfg = Debug|ARM
		{23F9B361-6DCE-4CF7-8D6C-3913ED4B0903}.Debug|ARM.Build.0 = Debug|ARM
		{23F9B361-6DCE-4CF7-8D6C-3913ED4B0903}.Debug|x64.ActiveCfg = Debug|x64
		{23F9B361-6DCE-4CF7-8D6C-3913ED4B0903}.Debug|x64.Build.0 = Debug|x64
		{23F9B361-6DCE-4CF7-8D6C-3913ED4B0903}.Debug|x86.ActiveCfg = Debug|x86
		{23F9B361-6DCE-4CF7-8D6C-3913ED4B0903}.Debug|x86.Build.0 = Debug|x86
		{23F9B361-6DCE-4CF7-8D6C-3913ED4B0903}.Release|Any CPU.ActiveCfg = Release|Any CPU
		{23F9B361-6DCE-4CF7-8D6C-3913ED4B0903}.Release|Any CPU.Build.0 = Release|Any CPU
		{23F9B361-6DCE-4CF7-8D6C-3913ED4B0903}.Release|ARM.ActiveCfg = Release|ARM
		{23F9B361-6DCE-4CF7-8D6C-3913ED4B0903}.Release|ARM.Build.0 = Release|ARM
		{23F9B361-6DCE-4CF7-8D6C-3913ED4B0903}.Release|x64.ActiveCfg = Release|x64
		{23F9B361-6DCE-4CF7-8D6C-3913ED4B0903}.Release|x64.Build.0 = Release|x64
		{23F9B361-6DCE-4CF7-8D6C-3913ED4B0903}.Release|x86.ActiveCfg = Release|x86
		{23F9B361-6DCE-4CF7-8D6C-3913ED4B0903}.Release|x86.Build.0 = Release|x86
	EndGlobalSection
	GlobalSection(SolutionProperties) = preSolution
		HideSolutionNode = FALSE
	EndGlobalSection
	GlobalSection(NestedProjects) = preSolution
		{9A870600-EEAF-4076-ACC2-0408D2542563} = {9A34D20F-B24A-4D5B-A8A5-202BCFEC4E61}
		{B70FC52F-D02C-4F41-9CB9-E64DFDE544D7} = {775030D7-24C8-4B61-91F0-05B12415CBF6}
		{CC927EA9-4DB7-43E0-8B80-459549DED0D8} = {29FB8613-0843-42DD-A2B7-0218E6FDD0E2}
		{A0B0AE9E-6E31-49FC-818F-94B0D10BB9F8} = {775030D7-24C8-4B61-91F0-05B12415CBF6}
		{D0EC9A71-0C47-4F57-8A36-587596418681} = {A9AC4793-AD7F-4D72-9F67-18838F92AD51}
		{C6FD53CC-6841-4956-81DA-40BDB332705E} = {3A0ABAA4-C65D-4625-9D9B-934D4FA706A0}
		{9DA8728A-EE56-48C5-92EC-087DBFC9BF18} = {3A0ABAA4-C65D-4625-9D9B-934D4FA706A0}
		{AF740215-006D-4021-A019-6127B64DAE88} = {DB1D6C0F-5AFC-4193-8E53-B0D9848D2A33}
		{A1673557-C45C-457B-BD38-597549771075} = {26441922-0B30-43AD-BC24-CD181762FFC1}
		{2B675E07-0441-4FA5-9F46-435EFFD17A01} = {9A34D20F-B24A-4D5B-A8A5-202BCFEC4E61}
		{E2C002A8-3C66-4D75-AF99-0DD636AE1691} = {9A34D20F-B24A-4D5B-A8A5-202BCFEC4E61}
		{BA6A5B9A-62CE-40E2-B9E4-EAAFC1910D60} = {26441922-0B30-43AD-BC24-CD181762FFC1}
		{FB95C4C7-5C90-4B6D-A35D-0A96BCA47E5F} = {29FB8613-0843-42DD-A2B7-0218E6FDD0E2}
		{6B8D0662-B290-451D-ADD6-73634A7F0C33} = {775030D7-24C8-4B61-91F0-05B12415CBF6}
		{FE6440E6-C92E-4A85-AC19-1355356F4E34} = {944413E9-1EEE-4FD1-8720-5A4BBA87CE2F}
		{4CC1DA31-1F5A-42CC-835E-C233C1633CEB} = {775030D7-24C8-4B61-91F0-05B12415CBF6}
		{837B8FF3-DED6-4DC7-AD58-DBB0B3E44DD4} = {2004A69B-2271-4147-AD0E-3E25906E532F}
		{06A3D120-5923-4AD1-8411-7395A1EC6E94} = {2004A69B-2271-4147-AD0E-3E25906E532F}
		{0B20D095-2896-41A6-865D-172DFD5ECC99} = {2004A69B-2271-4147-AD0E-3E25906E532F}
		{A0990875-4EBE-4CB7-AC1C-11855EB6280A} = {DB1D6C0F-5AFC-4193-8E53-B0D9848D2A33}
		{621670D2-9491-4C59-AEA8-85F819DDF811} = {775030D7-24C8-4B61-91F0-05B12415CBF6}
		{9EDC1C3D-7E2B-4769-A260-8885487D45B7} = {3A0ABAA4-C65D-4625-9D9B-934D4FA706A0}
		{3021FE48-A1A3-4C3D-9AA6-8601813ACAED} = {3A0ABAA4-C65D-4625-9D9B-934D4FA706A0}
		{BCAC3E11-F195-4C66-9E8F-B1E5B200E3BA} = {9A34D20F-B24A-4D5B-A8A5-202BCFEC4E61}
		{0525E383-D416-4465-8B1D-A06E9D48CF9B} = {775030D7-24C8-4B61-91F0-05B12415CBF6}
		{01FA1D57-2394-40E7-87DC-756648D5E05C} = {775030D7-24C8-4B61-91F0-05B12415CBF6}
		{502B51BE-19CE-4CA8-AB8F-09D11F5A6B4A} = {3A0ABAA4-C65D-4625-9D9B-934D4FA706A0}
		{23F9B361-6DCE-4CF7-8D6C-3913ED4B0903} = {DB1D6C0F-5AFC-4193-8E53-B0D9848D2A33}
	EndGlobalSection
	GlobalSection(ExtensibilityGlobals) = postSolution
		SolutionGuid = {ADF45E88-9A32-4BE3-9EA9-B4CB718761A2}
	EndGlobalSection
EndGlobal
