
Microsoft Visual Studio Solution File, Format Version 12.00
# Visual Studio 15
VisualStudioVersion = 15.0.27130.2010
MinimumVisualStudioVersion = 10.0.40219.1
Project("{2150E333-8FDC-42A3-9474-1A3956D46DE8}") = "Services", "Services", "{9A34D20F-B24A-4D5B-A8A5-202BCFEC4E61}"
EndProject
Project("{FAE04EC0-301F-11D3-BF4B-00C04F79EFBC}") = "Euricom.IoT.Api", "Services\Euricom.IoT.Api\Euricom.IoT.Api.csproj", "{9A870600-EEAF-4076-ACC2-0408D2542563}"
	ProjectSection(ProjectDependencies) = postProject
		{FB95C4C7-5C90-4B6D-A35D-0A96BCA47E5F} = {FB95C4C7-5C90-4B6D-A35D-0A96BCA47E5F}
	EndProjectSection
EndProject
Project("{2150E333-8FDC-42A3-9474-1A3956D46DE8}") = "Infrastructure", "Infrastructure", "{775030D7-24C8-4B61-91F0-05B12415CBF6}"
EndProject
Project("{FAE04EC0-301F-11D3-BF4B-00C04F79EFBC}") = "Euricom.IoT.Messaging", "Infrastructure\Euricom.IoT.Messaging\Euricom.IoT.Messaging.csproj", "{B70FC52F-D02C-4F41-9CB9-E64DFDE544D7}"
EndProject
Project("{2150E333-8FDC-42A3-9474-1A3956D46DE8}") = "UI", "UI", "{29FB8613-0843-42DD-A2B7-0218E6FDD0E2}"
EndProject
Project("{FAE04EC0-301F-11D3-BF4B-00C04F79EFBC}") = "Euricom.IoT.UI", "UI\Euricom.IoT.UI\Euricom.IoT.UI.csproj", "{CC927EA9-4DB7-43E0-8B80-459549DED0D8}"
EndProject
Project("{2150E333-8FDC-42A3-9474-1A3956D46DE8}") = "Testing", "Testing", "{A506A4B5-8F75-4182-A4F6-42B0D23304D9}"
EndProject
Project("{2150E333-8FDC-42A3-9474-1A3956D46DE8}") = "Devices", "Devices", "{3A0ABAA4-C65D-4625-9D9B-934D4FA706A0}"
EndProject
Project("{2150E333-8FDC-42A3-9474-1A3956D46DE8}") = "Datalayer", "Datalayer", "{A9AC4793-AD7F-4D72-9F67-18838F92AD51}"
EndProject
Project("{2150E333-8FDC-42A3-9474-1A3956D46DE8}") = "Common", "Common", "{DB1D6C0F-5AFC-4193-8E53-B0D9848D2A33}"
EndProject
Project("{2150E333-8FDC-42A3-9474-1A3956D46DE8}") = "Restup", "Restup", "{2004A69B-2271-4147-AD0E-3E25906E532F}"
EndProject
Project("{FAE04EC0-301F-11D3-BF4B-00C04F79EFBC}") = "WebServer", "..\restup\src\WebServer\WebServer.csproj", "{837B8FF3-DED6-4DC7-AD58-DBB0B3E44DD4}"
EndProject
Project("{FAE04EC0-301F-11D3-BF4B-00C04F79EFBC}") = "WebServer.Logging", "..\restup\src\WebServer.Logging\WebServer.Logging.csproj", "{06A3D120-5923-4AD1-8411-7395A1EC6E94}"
EndProject
Project("{FAE04EC0-301F-11D3-BF4B-00C04F79EFBC}") = "Webserver.Models", "..\restup\src\Webserver.Models\Webserver.Models.csproj", "{0B20D095-2896-41A6-865D-172DFD5ECC99}"
EndProject
Project("{2150E333-8FDC-42A3-9474-1A3956D46DE8}") = "Legacy", "Legacy", "{B5571F8A-4707-45FB-99B2-B37E17EC4B19}"
EndProject
Project("{FAE04EC0-301F-11D3-BF4B-00C04F79EFBC}") = "Euricom.IoT.Http", "Infrastructure\Euricom.IoT.Http\Euricom.IoT.Http.csproj", "{0525E383-D416-4465-8B1D-A06E9D48CF9B}"
EndProject
Project("{FAE04EC0-301F-11D3-BF4B-00C04F79EFBC}") = "Euricom.IoT.Mailing", "Infrastructure\Euricom.IoT.Mailing\Euricom.IoT.Mailing.csproj", "{621670D2-9491-4C59-AEA8-85F819DDF811}"
EndProject
Project("{FAE04EC0-301F-11D3-BF4B-00C04F79EFBC}") = "Euricom.IoT.Security", "Infrastructure\Euricom.IoT.Security\Euricom.IoT.Security.csproj", "{4CC1DA31-1F5A-42CC-835E-C233C1633CEB}"
EndProject
Project("{FAE04EC0-301F-11D3-BF4B-00C04F79EFBC}") = "Euricom.IoT.Tcp", "Infrastructure\Euricom.IoT.Tcp\Euricom.IoT.Tcp.csproj", "{01FA1D57-2394-40E7-87DC-756648D5E05C}"
EndProject
Project("{FAE04EC0-301F-11D3-BF4B-00C04F79EFBC}") = "Euricom.IoT.ZWave", "Infrastructure\Euricom.IoT.ZWave\Euricom.IoT.ZWave.csproj", "{A0B0AE9E-6E31-49FC-818F-94B0D10BB9F8}"
EndProject
Project("{FAE04EC0-301F-11D3-BF4B-00C04F79EFBC}") = "Euricom.IoT.Api.Managers", "Services\Euricom.IoT.Api.Managers\Euricom.IoT.Api.Managers.csproj", "{2B675E07-0441-4FA5-9F46-435EFFD17A01}"
EndProject
Project("{FAE04EC0-301F-11D3-BF4B-00C04F79EFBC}") = "Euricom.IoT.Monitoring", "Services\Euricom.IoT.Monitoring\Euricom.IoT.Monitoring.csproj", "{E2C002A8-3C66-4D75-AF99-0DD636AE1691}"
EndProject
Project("{FAE04EC0-301F-11D3-BF4B-00C04F79EFBC}") = "Euricom.IoT.UI.WebAdministration", "UI\Euricom.IoT.UI.WebAdministration\Euricom.IoT.UI.WebAdministration.csproj", "{FB95C4C7-5C90-4B6D-A35D-0A96BCA47E5F}"
EndProject
Project("{9A19103F-16F7-4668-BE54-9A1E7A4F7556}") = "Euricom.IoT.Common", "Common\Euricom.IoT.Common\Euricom.IoT.Common.csproj", "{7ABE0FEA-6B32-4515-A5C3-E511951F3562}"
EndProject
Project("{9A19103F-16F7-4668-BE54-9A1E7A4F7556}") = "Euricom.IoT.Interfaces", "Common\Euricom.IoT.Interfaces\Euricom.IoT.Interfaces.csproj", "{5111A896-62D6-4239-B352-426A2C48960D}"
EndProject
Project("{9A19103F-16F7-4668-BE54-9A1E7A4F7556}") = "Euricom.IoT.Logging", "Infrastructure\Euricom.IoT.Logging\Euricom.IoT.Logging.csproj", "{4BB55C8E-EA52-4D0D-94CE-656199F1352D}"
EndProject
Project("{9A19103F-16F7-4668-BE54-9A1E7A4F7556}") = "Euricom.IoT.Models", "Common\Euricom.IoT.Models\Euricom.IoT.Models.csproj", "{67F146AF-D466-4393-8782-E8F91F696EE8}"
EndProject
Project("{9A19103F-16F7-4668-BE54-9A1E7A4F7556}") = "Euricom.IoT.Devices.Camera", "Devices\Euricom.IoT.Devices.Camera\Euricom.IoT.Devices.Camera.csproj", "{2435BE22-D69C-4A43-804F-2BD12371FD56}"
EndProject
Project("{9A19103F-16F7-4668-BE54-9A1E7A4F7556}") = "Euricom.IoT.Devices.DanaLock", "Devices\Euricom.IoT.Devices.DanaLock\Euricom.IoT.Devices.DanaLock.csproj", "{7EC62B13-6D16-4A21-AACE-9A6B8C4413F9}"
EndProject
Project("{9A19103F-16F7-4668-BE54-9A1E7A4F7556}") = "Euricom.IoT.Devices.LazyBone", "Devices\Euricom.IoT.Devices.LazyBone\Euricom.IoT.Devices.LazyBone.csproj", "{63AD8716-DEF1-4EF1-9C90-927294733436}"
EndProject
Project("{9A19103F-16F7-4668-BE54-9A1E7A4F7556}") = "Euricom.IoT.Devices.WallMountSwitch", "Devices\Euricom.IoT.Devices.WallMountSwitch\Euricom.IoT.Devices.WallMountSwitch.csproj", "{9DFD708D-7449-48E7-ACF7-6CDFF5BC1D10}"
EndProject
Project("{9A19103F-16F7-4668-BE54-9A1E7A4F7556}") = "Euricom.IoT.Devices.ZWave", "Devices\Euricom.IoT.Devices.ZWave\Euricom.IoT.Devices.ZWave.csproj", "{45EE642F-ED31-4973-90B0-3C837FD3C115}"
EndProject
Project("{9A19103F-16F7-4668-BE54-9A1E7A4F7556}") = "Euricom.IoT.DataLayer", "DataLayer\Euricom.IoT.DataLayer\Euricom.IoT.DataLayer.csproj", "{C9C7BBCB-8B67-4408-B74D-211BDAD4CFDF}"
EndProject
Project("{2150E333-8FDC-42A3-9474-1A3956D46DE8}") = "Tools", "Tools", "{DE063A94-0EA8-4332-BF52-D94817152A5F}"
EndProject
Project("{FAE04EC0-301F-11D3-BF4B-00C04F79EFBC}") = "Euricom.IoT.Api.Models", "Services\Euricom.IoT.Api.Models\Euricom.IoT.Api.Models.csproj", "{BCAC3E11-F195-4C66-9E8F-B1E5B200E3BA}"
EndProject
Project("{FAE04EC0-301F-11D3-BF4B-00C04F79EFBC}") = "Euricom.IoT.AzureBlobStorage", "Infrastructure\Euricom.IoT.AzureBlobStorage\Euricom.IoT.AzureBlobStorage.csproj", "{BA6A5B9A-62CE-40E2-B9E4-EAAFC1910D60}"
EndProject
Project("{FAE04EC0-301F-11D3-BF4B-00C04F79EFBC}") = "Euricom.IoT.Dropbox", "Legacy\Euricom.IoT.Dropbox\Euricom.IoT.Dropbox.csproj", "{FE6440E6-C92E-4A85-AC19-1355356F4E34}"
EndProject
Global
	GlobalSection(SharedMSBuildProjectFiles) = preSolution
		..\restup\src\HttpMessage\HttpMessage.projitems*{837b8ff3-ded6-4dc7-ad58-dbb0b3e44dd4}*SharedItemsImports = 4
	EndGlobalSection
	GlobalSection(SolutionConfigurationPlatforms) = preSolution
		Debug|Any CPU = Debug|Any CPU
		Debug|ARM = Debug|ARM
		Debug|x64 = Debug|x64
		Debug|x86 = Debug|x86
		Release|Any CPU = Release|Any CPU
		Release|ARM = Release|ARM
		Release|x64 = Release|x64
		Release|x86 = Release|x86
	EndGlobalSection
	GlobalSection(ProjectConfigurationPlatforms) = postSolution
		{9A870600-EEAF-4076-ACC2-0408D2542563}.Debug|Any CPU.ActiveCfg = Debug|Any CPU
		{9A870600-EEAF-4076-ACC2-0408D2542563}.Debug|Any CPU.Build.0 = Debug|Any CPU
		{9A870600-EEAF-4076-ACC2-0408D2542563}.Debug|ARM.ActiveCfg = Debug|ARM
		{9A870600-EEAF-4076-ACC2-0408D2542563}.Debug|ARM.Build.0 = Debug|ARM
		{9A870600-EEAF-4076-ACC2-0408D2542563}.Debug|x64.ActiveCfg = Debug|x64
		{9A870600-EEAF-4076-ACC2-0408D2542563}.Debug|x64.Build.0 = Debug|x64
		{9A870600-EEAF-4076-ACC2-0408D2542563}.Debug|x64.Deploy.0 = Debug|x64
		{9A870600-EEAF-4076-ACC2-0408D2542563}.Debug|x86.ActiveCfg = Debug|x86
		{9A870600-EEAF-4076-ACC2-0408D2542563}.Debug|x86.Build.0 = Debug|x86
		{9A870600-EEAF-4076-ACC2-0408D2542563}.Debug|x86.Deploy.0 = Debug|x86
		{9A870600-EEAF-4076-ACC2-0408D2542563}.Release|Any CPU.ActiveCfg = Release|x86
		{9A870600-EEAF-4076-ACC2-0408D2542563}.Release|ARM.ActiveCfg = Release|ARM
		{9A870600-EEAF-4076-ACC2-0408D2542563}.Release|ARM.Build.0 = Release|ARM
		{9A870600-EEAF-4076-ACC2-0408D2542563}.Release|ARM.Deploy.0 = Release|ARM
		{9A870600-EEAF-4076-ACC2-0408D2542563}.Release|x64.ActiveCfg = Release|x64
		{9A870600-EEAF-4076-ACC2-0408D2542563}.Release|x64.Build.0 = Release|x64
		{9A870600-EEAF-4076-ACC2-0408D2542563}.Release|x64.Deploy.0 = Release|x64
		{9A870600-EEAF-4076-ACC2-0408D2542563}.Release|x86.ActiveCfg = Release|x86
		{9A870600-EEAF-4076-ACC2-0408D2542563}.Release|x86.Build.0 = Release|x86
		{9A870600-EEAF-4076-ACC2-0408D2542563}.Release|x86.Deploy.0 = Release|x86
		{B70FC52F-D02C-4F41-9CB9-E64DFDE544D7}.Debug|Any CPU.ActiveCfg = Debug|Any CPU
		{B70FC52F-D02C-4F41-9CB9-E64DFDE544D7}.Debug|Any CPU.Build.0 = Debug|Any CPU
		{B70FC52F-D02C-4F41-9CB9-E64DFDE544D7}.Debug|ARM.ActiveCfg = Debug|ARM
		{B70FC52F-D02C-4F41-9CB9-E64DFDE544D7}.Debug|ARM.Build.0 = Debug|ARM
		{B70FC52F-D02C-4F41-9CB9-E64DFDE544D7}.Debug|x64.ActiveCfg = Debug|x64
		{B70FC52F-D02C-4F41-9CB9-E64DFDE544D7}.Debug|x64.Build.0 = Debug|x64
		{B70FC52F-D02C-4F41-9CB9-E64DFDE544D7}.Debug|x86.ActiveCfg = Debug|x86
		{B70FC52F-D02C-4F41-9CB9-E64DFDE544D7}.Debug|x86.Build.0 = Debug|x86
		{B70FC52F-D02C-4F41-9CB9-E64DFDE544D7}.Release|Any CPU.ActiveCfg = Release|Any CPU
		{B70FC52F-D02C-4F41-9CB9-E64DFDE544D7}.Release|Any CPU.Build.0 = Release|Any CPU
		{B70FC52F-D02C-4F41-9CB9-E64DFDE544D7}.Release|ARM.ActiveCfg = Release|ARM
		{B70FC52F-D02C-4F41-9CB9-E64DFDE544D7}.Release|ARM.Build.0 = Release|ARM
		{B70FC52F-D02C-4F41-9CB9-E64DFDE544D7}.Release|x64.ActiveCfg = Release|x64
		{B70FC52F-D02C-4F41-9CB9-E64DFDE544D7}.Release|x64.Build.0 = Release|x64
		{B70FC52F-D02C-4F41-9CB9-E64DFDE544D7}.Release|x86.ActiveCfg = Release|x86
		{B70FC52F-D02C-4F41-9CB9-E64DFDE544D7}.Release|x86.Build.0 = Release|x86
		{CC927EA9-4DB7-43E0-8B80-459549DED0D8}.Debug|Any CPU.ActiveCfg = Debug|Any CPU
		{CC927EA9-4DB7-43E0-8B80-459549DED0D8}.Debug|Any CPU.Build.0 = Debug|Any CPU
		{CC927EA9-4DB7-43E0-8B80-459549DED0D8}.Debug|Any CPU.Deploy.0 = Debug|Any CPU
		{CC927EA9-4DB7-43E0-8B80-459549DED0D8}.Debug|ARM.ActiveCfg = Debug|ARM
		{CC927EA9-4DB7-43E0-8B80-459549DED0D8}.Debug|ARM.Build.0 = Debug|ARM
		{CC927EA9-4DB7-43E0-8B80-459549DED0D8}.Debug|ARM.Deploy.0 = Debug|ARM
		{CC927EA9-4DB7-43E0-8B80-459549DED0D8}.Debug|x64.ActiveCfg = Debug|x64
		{CC927EA9-4DB7-43E0-8B80-459549DED0D8}.Debug|x64.Build.0 = Debug|x64
		{CC927EA9-4DB7-43E0-8B80-459549DED0D8}.Debug|x64.Deploy.0 = Debug|x64
		{CC927EA9-4DB7-43E0-8B80-459549DED0D8}.Debug|x86.ActiveCfg = Debug|x86
		{CC927EA9-4DB7-43E0-8B80-459549DED0D8}.Debug|x86.Build.0 = Debug|x86
		{CC927EA9-4DB7-43E0-8B80-459549DED0D8}.Debug|x86.Deploy.0 = Debug|x86
		{CC927EA9-4DB7-43E0-8B80-459549DED0D8}.Release|Any CPU.ActiveCfg = Release|x86
		{CC927EA9-4DB7-43E0-8B80-459549DED0D8}.Release|ARM.ActiveCfg = Release|ARM
		{CC927EA9-4DB7-43E0-8B80-459549DED0D8}.Release|ARM.Build.0 = Release|ARM
		{CC927EA9-4DB7-43E0-8B80-459549DED0D8}.Release|ARM.Deploy.0 = Release|ARM
		{CC927EA9-4DB7-43E0-8B80-459549DED0D8}.Release|x64.ActiveCfg = Release|x64
		{CC927EA9-4DB7-43E0-8B80-459549DED0D8}.Release|x64.Build.0 = Release|x64
		{CC927EA9-4DB7-43E0-8B80-459549DED0D8}.Release|x64.Deploy.0 = Release|x64
		{CC927EA9-4DB7-43E0-8B80-459549DED0D8}.Release|x86.ActiveCfg = Release|x86
		{CC927EA9-4DB7-43E0-8B80-459549DED0D8}.Release|x86.Build.0 = Release|x86
		{CC927EA9-4DB7-43E0-8B80-459549DED0D8}.Release|x86.Deploy.0 = Release|x86
		{837B8FF3-DED6-4DC7-AD58-DBB0B3E44DD4}.Debug|Any CPU.ActiveCfg = Debug|Any CPU
		{837B8FF3-DED6-4DC7-AD58-DBB0B3E44DD4}.Debug|Any CPU.Build.0 = Debug|Any CPU
		{837B8FF3-DED6-4DC7-AD58-DBB0B3E44DD4}.Debug|ARM.ActiveCfg = Debug|ARM
		{837B8FF3-DED6-4DC7-AD58-DBB0B3E44DD4}.Debug|ARM.Build.0 = Debug|ARM
		{837B8FF3-DED6-4DC7-AD58-DBB0B3E44DD4}.Debug|x64.ActiveCfg = Debug|x64
		{837B8FF3-DED6-4DC7-AD58-DBB0B3E44DD4}.Debug|x64.Build.0 = Debug|x64
		{837B8FF3-DED6-4DC7-AD58-DBB0B3E44DD4}.Debug|x86.ActiveCfg = Debug|x86
		{837B8FF3-DED6-4DC7-AD58-DBB0B3E44DD4}.Debug|x86.Build.0 = Debug|x86
		{837B8FF3-DED6-4DC7-AD58-DBB0B3E44DD4}.Release|Any CPU.ActiveCfg = Release|Any CPU
		{837B8FF3-DED6-4DC7-AD58-DBB0B3E44DD4}.Release|Any CPU.Build.0 = Release|Any CPU
		{837B8FF3-DED6-4DC7-AD58-DBB0B3E44DD4}.Release|ARM.ActiveCfg = Release|ARM
		{837B8FF3-DED6-4DC7-AD58-DBB0B3E44DD4}.Release|ARM.Build.0 = Release|ARM
		{837B8FF3-DED6-4DC7-AD58-DBB0B3E44DD4}.Release|x64.ActiveCfg = Release|x64
		{837B8FF3-DED6-4DC7-AD58-DBB0B3E44DD4}.Release|x64.Build.0 = Release|x64
		{837B8FF3-DED6-4DC7-AD58-DBB0B3E44DD4}.Release|x86.ActiveCfg = Release|x86
		{837B8FF3-DED6-4DC7-AD58-DBB0B3E44DD4}.Release|x86.Build.0 = Release|x86
		{06A3D120-5923-4AD1-8411-7395A1EC6E94}.Debug|Any CPU.ActiveCfg = Debug|Any CPU
		{06A3D120-5923-4AD1-8411-7395A1EC6E94}.Debug|Any CPU.Build.0 = Debug|Any CPU
		{06A3D120-5923-4AD1-8411-7395A1EC6E94}.Debug|ARM.ActiveCfg = Debug|ARM
		{06A3D120-5923-4AD1-8411-7395A1EC6E94}.Debug|ARM.Build.0 = Debug|ARM
		{06A3D120-5923-4AD1-8411-7395A1EC6E94}.Debug|x64.ActiveCfg = Debug|x64
		{06A3D120-5923-4AD1-8411-7395A1EC6E94}.Debug|x64.Build.0 = Debug|x64
		{06A3D120-5923-4AD1-8411-7395A1EC6E94}.Debug|x86.ActiveCfg = Debug|x86
		{06A3D120-5923-4AD1-8411-7395A1EC6E94}.Debug|x86.Build.0 = Debug|x86
		{06A3D120-5923-4AD1-8411-7395A1EC6E94}.Release|Any CPU.ActiveCfg = Release|Any CPU
		{06A3D120-5923-4AD1-8411-7395A1EC6E94}.Release|Any CPU.Build.0 = Release|Any CPU
		{06A3D120-5923-4AD1-8411-7395A1EC6E94}.Release|ARM.ActiveCfg = Release|ARM
		{06A3D120-5923-4AD1-8411-7395A1EC6E94}.Release|ARM.Build.0 = Release|ARM
		{06A3D120-5923-4AD1-8411-7395A1EC6E94}.Release|x64.ActiveCfg = Release|x64
		{06A3D120-5923-4AD1-8411-7395A1EC6E94}.Release|x64.Build.0 = Release|x64
		{06A3D120-5923-4AD1-8411-7395A1EC6E94}.Release|x86.ActiveCfg = Release|x86
		{06A3D120-5923-4AD1-8411-7395A1EC6E94}.Release|x86.Build.0 = Release|x86
		{0B20D095-2896-41A6-865D-172DFD5ECC99}.Debug|Any CPU.ActiveCfg = Debug|Any CPU
		{0B20D095-2896-41A6-865D-172DFD5ECC99}.Debug|Any CPU.Build.0 = Debug|Any CPU
		{0B20D095-2896-41A6-865D-172DFD5ECC99}.Debug|ARM.ActiveCfg = Debug|ARM
		{0B20D095-2896-41A6-865D-172DFD5ECC99}.Debug|ARM.Build.0 = Debug|ARM
		{0B20D095-2896-41A6-865D-172DFD5ECC99}.Debug|x64.ActiveCfg = Debug|x64
		{0B20D095-2896-41A6-865D-172DFD5ECC99}.Debug|x64.Build.0 = Debug|x64
		{0B20D095-2896-41A6-865D-172DFD5ECC99}.Debug|x86.ActiveCfg = Debug|x86
		{0B20D095-2896-41A6-865D-172DFD5ECC99}.Debug|x86.Build.0 = Debug|x86
		{0B20D095-2896-41A6-865D-172DFD5ECC99}.Release|Any CPU.ActiveCfg = Release|Any CPU
		{0B20D095-2896-41A6-865D-172DFD5ECC99}.Release|Any CPU.Build.0 = Release|Any CPU
		{0B20D095-2896-41A6-865D-172DFD5ECC99}.Release|ARM.ActiveCfg = Release|ARM
		{0B20D095-2896-41A6-865D-172DFD5ECC99}.Release|ARM.Build.0 = Release|ARM
		{0B20D095-2896-41A6-865D-172DFD5ECC99}.Release|x64.ActiveCfg = Release|x64
		{0B20D095-2896-41A6-865D-172DFD5ECC99}.Release|x64.Build.0 = Release|x64
		{0B20D095-2896-41A6-865D-172DFD5ECC99}.Release|x86.ActiveCfg = Release|x86
		{0B20D095-2896-41A6-865D-172DFD5ECC99}.Release|x86.Build.0 = Release|x86
		{0525E383-D416-4465-8B1D-A06E9D48CF9B}.Debug|Any CPU.ActiveCfg = Debug|Any CPU
		{0525E383-D416-4465-8B1D-A06E9D48CF9B}.Debug|Any CPU.Build.0 = Debug|Any CPU
		{0525E383-D416-4465-8B1D-A06E9D48CF9B}.Debug|ARM.ActiveCfg = Debug|ARM
		{0525E383-D416-4465-8B1D-A06E9D48CF9B}.Debug|ARM.Build.0 = Debug|ARM
		{0525E383-D416-4465-8B1D-A06E9D48CF9B}.Debug|x64.ActiveCfg = Debug|x64
		{0525E383-D416-4465-8B1D-A06E9D48CF9B}.Debug|x64.Build.0 = Debug|x64
		{0525E383-D416-4465-8B1D-A06E9D48CF9B}.Debug|x86.ActiveCfg = Debug|x86
		{0525E383-D416-4465-8B1D-A06E9D48CF9B}.Debug|x86.Build.0 = Debug|x86
		{0525E383-D416-4465-8B1D-A06E9D48CF9B}.Release|Any CPU.ActiveCfg = Release|Any CPU
		{0525E383-D416-4465-8B1D-A06E9D48CF9B}.Release|Any CPU.Build.0 = Release|Any CPU
		{0525E383-D416-4465-8B1D-A06E9D48CF9B}.Release|ARM.ActiveCfg = Release|ARM
		{0525E383-D416-4465-8B1D-A06E9D48CF9B}.Release|ARM.Build.0 = Release|ARM
		{0525E383-D416-4465-8B1D-A06E9D48CF9B}.Release|x64.ActiveCfg = Release|x64
		{0525E383-D416-4465-8B1D-A06E9D48CF9B}.Release|x64.Build.0 = Release|x64
		{0525E383-D416-4465-8B1D-A06E9D48CF9B}.Release|x86.ActiveCfg = Release|x86
		{0525E383-D416-4465-8B1D-A06E9D48CF9B}.Release|x86.Build.0 = Release|x86
		{621670D2-9491-4C59-AEA8-85F819DDF811}.Debug|Any CPU.ActiveCfg = Debug|Any CPU
		{621670D2-9491-4C59-AEA8-85F819DDF811}.Debug|Any CPU.Build.0 = Debug|Any CPU
		{621670D2-9491-4C59-AEA8-85F819DDF811}.Debug|ARM.ActiveCfg = Debug|ARM
		{621670D2-9491-4C59-AEA8-85F819DDF811}.Debug|ARM.Build.0 = Debug|ARM
		{621670D2-9491-4C59-AEA8-85F819DDF811}.Debug|x64.ActiveCfg = Debug|x64
		{621670D2-9491-4C59-AEA8-85F819DDF811}.Debug|x64.Build.0 = Debug|x64
		{621670D2-9491-4C59-AEA8-85F819DDF811}.Debug|x86.ActiveCfg = Debug|x86
		{621670D2-9491-4C59-AEA8-85F819DDF811}.Debug|x86.Build.0 = Debug|x86
		{621670D2-9491-4C59-AEA8-85F819DDF811}.Release|Any CPU.ActiveCfg = Release|Any CPU
		{621670D2-9491-4C59-AEA8-85F819DDF811}.Release|Any CPU.Build.0 = Release|Any CPU
		{621670D2-9491-4C59-AEA8-85F819DDF811}.Release|ARM.ActiveCfg = Release|ARM
		{621670D2-9491-4C59-AEA8-85F819DDF811}.Release|ARM.Build.0 = Release|ARM
		{621670D2-9491-4C59-AEA8-85F819DDF811}.Release|x64.ActiveCfg = Release|x64
		{621670D2-9491-4C59-AEA8-85F819DDF811}.Release|x64.Build.0 = Release|x64
		{621670D2-9491-4C59-AEA8-85F819DDF811}.Release|x86.ActiveCfg = Release|x86
		{621670D2-9491-4C59-AEA8-85F819DDF811}.Release|x86.Build.0 = Release|x86
		{4CC1DA31-1F5A-42CC-835E-C233C1633CEB}.Debug|Any CPU.ActiveCfg = Debug|Any CPU
		{4CC1DA31-1F5A-42CC-835E-C233C1633CEB}.Debug|Any CPU.Build.0 = Debug|Any CPU
		{4CC1DA31-1F5A-42CC-835E-C233C1633CEB}.Debug|ARM.ActiveCfg = Debug|ARM
		{4CC1DA31-1F5A-42CC-835E-C233C1633CEB}.Debug|ARM.Build.0 = Debug|ARM
		{4CC1DA31-1F5A-42CC-835E-C233C1633CEB}.Debug|x64.ActiveCfg = Debug|x64
		{4CC1DA31-1F5A-42CC-835E-C233C1633CEB}.Debug|x64.Build.0 = Debug|x64
		{4CC1DA31-1F5A-42CC-835E-C233C1633CEB}.Debug|x86.ActiveCfg = Debug|x86
		{4CC1DA31-1F5A-42CC-835E-C233C1633CEB}.Debug|x86.Build.0 = Debug|x86
		{4CC1DA31-1F5A-42CC-835E-C233C1633CEB}.Release|Any CPU.ActiveCfg = Release|Any CPU
		{4CC1DA31-1F5A-42CC-835E-C233C1633CEB}.Release|Any CPU.Build.0 = Release|Any CPU
		{4CC1DA31-1F5A-42CC-835E-C233C1633CEB}.Release|ARM.ActiveCfg = Release|ARM
		{4CC1DA31-1F5A-42CC-835E-C233C1633CEB}.Release|ARM.Build.0 = Release|ARM
		{4CC1DA31-1F5A-42CC-835E-C233C1633CEB}.Release|x64.ActiveCfg = Release|x64
		{4CC1DA31-1F5A-42CC-835E-C233C1633CEB}.Release|x64.Build.0 = Release|x64
		{4CC1DA31-1F5A-42CC-835E-C233C1633CEB}.Release|x86.ActiveCfg = Release|x86
		{4CC1DA31-1F5A-42CC-835E-C233C1633CEB}.Release|x86.Build.0 = Release|x86
		{01FA1D57-2394-40E7-87DC-756648D5E05C}.Debug|Any CPU.ActiveCfg = Debug|Any CPU
		{01FA1D57-2394-40E7-87DC-756648D5E05C}.Debug|Any CPU.Build.0 = Debug|Any CPU
		{01FA1D57-2394-40E7-87DC-756648D5E05C}.Debug|ARM.ActiveCfg = Debug|ARM
		{01FA1D57-2394-40E7-87DC-756648D5E05C}.Debug|ARM.Build.0 = Debug|ARM
		{01FA1D57-2394-40E7-87DC-756648D5E05C}.Debug|x64.ActiveCfg = Debug|x64
		{01FA1D57-2394-40E7-87DC-756648D5E05C}.Debug|x64.Build.0 = Debug|x64
		{01FA1D57-2394-40E7-87DC-756648D5E05C}.Debug|x86.ActiveCfg = Debug|x86
		{01FA1D57-2394-40E7-87DC-756648D5E05C}.Debug|x86.Build.0 = Debug|x86
		{01FA1D57-2394-40E7-87DC-756648D5E05C}.Release|Any CPU.ActiveCfg = Release|Any CPU
		{01FA1D57-2394-40E7-87DC-756648D5E05C}.Release|Any CPU.Build.0 = Release|Any CPU
		{01FA1D57-2394-40E7-87DC-756648D5E05C}.Release|ARM.ActiveCfg = Release|ARM
		{01FA1D57-2394-40E7-87DC-756648D5E05C}.Release|ARM.Build.0 = Release|ARM
		{01FA1D57-2394-40E7-87DC-756648D5E05C}.Release|x64.ActiveCfg = Release|x64
		{01FA1D57-2394-40E7-87DC-756648D5E05C}.Release|x64.Build.0 = Release|x64
		{01FA1D57-2394-40E7-87DC-756648D5E05C}.Release|x86.ActiveCfg = Release|x86
		{01FA1D57-2394-40E7-87DC-756648D5E05C}.Release|x86.Build.0 = Release|x86
		{A0B0AE9E-6E31-49FC-818F-94B0D10BB9F8}.Debug|Any CPU.ActiveCfg = Debug|Any CPU
		{A0B0AE9E-6E31-49FC-818F-94B0D10BB9F8}.Debug|Any CPU.Build.0 = Debug|Any CPU
		{A0B0AE9E-6E31-49FC-818F-94B0D10BB9F8}.Debug|ARM.ActiveCfg = Debug|ARM
		{A0B0AE9E-6E31-49FC-818F-94B0D10BB9F8}.Debug|ARM.Build.0 = Debug|ARM
		{A0B0AE9E-6E31-49FC-818F-94B0D10BB9F8}.Debug|x64.ActiveCfg = Debug|x64
		{A0B0AE9E-6E31-49FC-818F-94B0D10BB9F8}.Debug|x64.Build.0 = Debug|x64
		{A0B0AE9E-6E31-49FC-818F-94B0D10BB9F8}.Debug|x86.ActiveCfg = Debug|x86
		{A0B0AE9E-6E31-49FC-818F-94B0D10BB9F8}.Debug|x86.Build.0 = Debug|x86
		{A0B0AE9E-6E31-49FC-818F-94B0D10BB9F8}.Release|Any CPU.ActiveCfg = Release|Any CPU
		{A0B0AE9E-6E31-49FC-818F-94B0D10BB9F8}.Release|Any CPU.Build.0 = Release|Any CPU
		{A0B0AE9E-6E31-49FC-818F-94B0D10BB9F8}.Release|ARM.ActiveCfg = Release|ARM
		{A0B0AE9E-6E31-49FC-818F-94B0D10BB9F8}.Release|ARM.Build.0 = Release|ARM
		{A0B0AE9E-6E31-49FC-818F-94B0D10BB9F8}.Release|x64.ActiveCfg = Release|x64
		{A0B0AE9E-6E31-49FC-818F-94B0D10BB9F8}.Release|x64.Build.0 = Release|x64
		{A0B0AE9E-6E31-49FC-818F-94B0D10BB9F8}.Release|x86.ActiveCfg = Release|x86
		{A0B0AE9E-6E31-49FC-818F-94B0D10BB9F8}.Release|x86.Build.0 = Release|x86
		{2B675E07-0441-4FA5-9F46-435EFFD17A01}.Debug|Any CPU.ActiveCfg = Debug|Any CPU
		{2B675E07-0441-4FA5-9F46-435EFFD17A01}.Debug|Any CPU.Build.0 = Debug|Any CPU
		{2B675E07-0441-4FA5-9F46-435EFFD17A01}.Debug|ARM.ActiveCfg = Debug|ARM
		{2B675E07-0441-4FA5-9F46-435EFFD17A01}.Debug|ARM.Build.0 = Debug|ARM
		{2B675E07-0441-4FA5-9F46-435EFFD17A01}.Debug|x64.ActiveCfg = Debug|x64
		{2B675E07-0441-4FA5-9F46-435EFFD17A01}.Debug|x64.Build.0 = Debug|x64
		{2B675E07-0441-4FA5-9F46-435EFFD17A01}.Debug|x86.ActiveCfg = Debug|x86
		{2B675E07-0441-4FA5-9F46-435EFFD17A01}.Debug|x86.Build.0 = Debug|x86
		{2B675E07-0441-4FA5-9F46-435EFFD17A01}.Release|Any CPU.ActiveCfg = Release|Any CPU
		{2B675E07-0441-4FA5-9F46-435EFFD17A01}.Release|Any CPU.Build.0 = Release|Any CPU
		{2B675E07-0441-4FA5-9F46-435EFFD17A01}.Release|ARM.ActiveCfg = Release|ARM
		{2B675E07-0441-4FA5-9F46-435EFFD17A01}.Release|ARM.Build.0 = Release|ARM
		{2B675E07-0441-4FA5-9F46-435EFFD17A01}.Release|x64.ActiveCfg = Release|x64
		{2B675E07-0441-4FA5-9F46-435EFFD17A01}.Release|x64.Build.0 = Release|x64
		{2B675E07-0441-4FA5-9F46-435EFFD17A01}.Release|x86.ActiveCfg = Release|x86
		{2B675E07-0441-4FA5-9F46-435EFFD17A01}.Release|x86.Build.0 = Release|x86
		{E2C002A8-3C66-4D75-AF99-0DD636AE1691}.Debug|Any CPU.ActiveCfg = Debug|Any CPU
		{E2C002A8-3C66-4D75-AF99-0DD636AE1691}.Debug|Any CPU.Build.0 = Debug|Any CPU
		{E2C002A8-3C66-4D75-AF99-0DD636AE1691}.Debug|ARM.ActiveCfg = Debug|ARM
		{E2C002A8-3C66-4D75-AF99-0DD636AE1691}.Debug|ARM.Build.0 = Debug|ARM
		{E2C002A8-3C66-4D75-AF99-0DD636AE1691}.Debug|x64.ActiveCfg = Debug|x64
		{E2C002A8-3C66-4D75-AF99-0DD636AE1691}.Debug|x64.Build.0 = Debug|x64
		{E2C002A8-3C66-4D75-AF99-0DD636AE1691}.Debug|x86.ActiveCfg = Debug|x86
		{E2C002A8-3C66-4D75-AF99-0DD636AE1691}.Debug|x86.Build.0 = Debug|x86
		{E2C002A8-3C66-4D75-AF99-0DD636AE1691}.Release|Any CPU.ActiveCfg = Release|Any CPU
		{E2C002A8-3C66-4D75-AF99-0DD636AE1691}.Release|Any CPU.Build.0 = Release|Any CPU
		{E2C002A8-3C66-4D75-AF99-0DD636AE1691}.Release|ARM.ActiveCfg = Release|ARM
		{E2C002A8-3C66-4D75-AF99-0DD636AE1691}.Release|ARM.Build.0 = Release|ARM
		{E2C002A8-3C66-4D75-AF99-0DD636AE1691}.Release|x64.ActiveCfg = Release|x64
		{E2C002A8-3C66-4D75-AF99-0DD636AE1691}.Release|x64.Build.0 = Release|x64
		{E2C002A8-3C66-4D75-AF99-0DD636AE1691}.Release|x86.ActiveCfg = Release|x86
		{E2C002A8-3C66-4D75-AF99-0DD636AE1691}.Release|x86.Build.0 = Release|x86
		{FB95C4C7-5C90-4B6D-A35D-0A96BCA47E5F}.Debug|Any CPU.ActiveCfg = Debug|Any CPU
		{FB95C4C7-5C90-4B6D-A35D-0A96BCA47E5F}.Debug|Any CPU.Build.0 = Debug|Any CPU
		{FB95C4C7-5C90-4B6D-A35D-0A96BCA47E5F}.Debug|ARM.ActiveCfg = Debug|ARM
		{FB95C4C7-5C90-4B6D-A35D-0A96BCA47E5F}.Debug|ARM.Build.0 = Debug|ARM
		{FB95C4C7-5C90-4B6D-A35D-0A96BCA47E5F}.Debug|x64.ActiveCfg = Debug|x64
		{FB95C4C7-5C90-4B6D-A35D-0A96BCA47E5F}.Debug|x64.Build.0 = Debug|x64
		{FB95C4C7-5C90-4B6D-A35D-0A96BCA47E5F}.Debug|x86.ActiveCfg = Debug|x86
		{FB95C4C7-5C90-4B6D-A35D-0A96BCA47E5F}.Debug|x86.Build.0 = Debug|x86
		{FB95C4C7-5C90-4B6D-A35D-0A96BCA47E5F}.Release|Any CPU.ActiveCfg = Release|Any CPU
		{FB95C4C7-5C90-4B6D-A35D-0A96BCA47E5F}.Release|Any CPU.Build.0 = Release|Any CPU
		{FB95C4C7-5C90-4B6D-A35D-0A96BCA47E5F}.Release|ARM.ActiveCfg = Release|ARM
		{FB95C4C7-5C90-4B6D-A35D-0A96BCA47E5F}.Release|ARM.Build.0 = Release|ARM
		{FB95C4C7-5C90-4B6D-A35D-0A96BCA47E5F}.Release|x64.ActiveCfg = Release|x64
		{FB95C4C7-5C90-4B6D-A35D-0A96BCA47E5F}.Release|x64.Build.0 = Release|x64
		{FB95C4C7-5C90-4B6D-A35D-0A96BCA47E5F}.Release|x86.ActiveCfg = Release|x86
		{FB95C4C7-5C90-4B6D-A35D-0A96BCA47E5F}.Release|x86.Build.0 = Release|x86
		{7ABE0FEA-6B32-4515-A5C3-E511951F3562}.Debug|Any CPU.ActiveCfg = Debug|Any CPU
		{7ABE0FEA-6B32-4515-A5C3-E511951F3562}.Debug|Any CPU.Build.0 = Debug|Any CPU
		{7ABE0FEA-6B32-4515-A5C3-E511951F3562}.Debug|ARM.ActiveCfg = Debug|Any CPU
		{7ABE0FEA-6B32-4515-A5C3-E511951F3562}.Debug|ARM.Build.0 = Debug|Any CPU
		{7ABE0FEA-6B32-4515-A5C3-E511951F3562}.Debug|x64.ActiveCfg = Debug|Any CPU
		{7ABE0FEA-6B32-4515-A5C3-E511951F3562}.Debug|x64.Build.0 = Debug|Any CPU
		{7ABE0FEA-6B32-4515-A5C3-E511951F3562}.Debug|x86.ActiveCfg = Debug|Any CPU
		{7ABE0FEA-6B32-4515-A5C3-E511951F3562}.Debug|x86.Build.0 = Debug|Any CPU
		{7ABE0FEA-6B32-4515-A5C3-E511951F3562}.Release|Any CPU.ActiveCfg = Release|Any CPU
		{7ABE0FEA-6B32-4515-A5C3-E511951F3562}.Release|Any CPU.Build.0 = Release|Any CPU
		{7ABE0FEA-6B32-4515-A5C3-E511951F3562}.Release|ARM.ActiveCfg = Release|Any CPU
		{7ABE0FEA-6B32-4515-A5C3-E511951F3562}.Release|ARM.Build.0 = Release|Any CPU
		{7ABE0FEA-6B32-4515-A5C3-E511951F3562}.Release|x64.ActiveCfg = Release|Any CPU
		{7ABE0FEA-6B32-4515-A5C3-E511951F3562}.Release|x64.Build.0 = Release|Any CPU
		{7ABE0FEA-6B32-4515-A5C3-E511951F3562}.Release|x86.ActiveCfg = Release|Any CPU
		{7ABE0FEA-6B32-4515-A5C3-E511951F3562}.Release|x86.Build.0 = Release|Any CPU
		{5111A896-62D6-4239-B352-426A2C48960D}.Debug|Any CPU.ActiveCfg = Debug|Any CPU
		{5111A896-62D6-4239-B352-426A2C48960D}.Debug|Any CPU.Build.0 = Debug|Any CPU
		{5111A896-62D6-4239-B352-426A2C48960D}.Debug|ARM.ActiveCfg = Debug|Any CPU
		{5111A896-62D6-4239-B352-426A2C48960D}.Debug|ARM.Build.0 = Debug|Any CPU
		{5111A896-62D6-4239-B352-426A2C48960D}.Debug|x64.ActiveCfg = Debug|Any CPU
		{5111A896-62D6-4239-B352-426A2C48960D}.Debug|x64.Build.0 = Debug|Any CPU
		{5111A896-62D6-4239-B352-426A2C48960D}.Debug|x86.ActiveCfg = Debug|Any CPU
		{5111A896-62D6-4239-B352-426A2C48960D}.Debug|x86.Build.0 = Debug|Any CPU
		{5111A896-62D6-4239-B352-426A2C48960D}.Release|Any CPU.ActiveCfg = Release|Any CPU
		{5111A896-62D6-4239-B352-426A2C48960D}.Release|Any CPU.Build.0 = Release|Any CPU
		{5111A896-62D6-4239-B352-426A2C48960D}.Release|ARM.ActiveCfg = Release|Any CPU
		{5111A896-62D6-4239-B352-426A2C48960D}.Release|ARM.Build.0 = Release|Any CPU
		{5111A896-62D6-4239-B352-426A2C48960D}.Release|x64.ActiveCfg = Release|Any CPU
		{5111A896-62D6-4239-B352-426A2C48960D}.Release|x64.Build.0 = Release|Any CPU
		{5111A896-62D6-4239-B352-426A2C48960D}.Release|x86.ActiveCfg = Release|Any CPU
		{5111A896-62D6-4239-B352-426A2C48960D}.Release|x86.Build.0 = Release|Any CPU
		{4BB55C8E-EA52-4D0D-94CE-656199F1352D}.Debug|Any CPU.ActiveCfg = Debug|Any CPU
		{4BB55C8E-EA52-4D0D-94CE-656199F1352D}.Debug|Any CPU.Build.0 = Debug|Any CPU
		{4BB55C8E-EA52-4D0D-94CE-656199F1352D}.Debug|ARM.ActiveCfg = Debug|Any CPU
		{4BB55C8E-EA52-4D0D-94CE-656199F1352D}.Debug|ARM.Build.0 = Debug|Any CPU
		{4BB55C8E-EA52-4D0D-94CE-656199F1352D}.Debug|x64.ActiveCfg = Debug|Any CPU
		{4BB55C8E-EA52-4D0D-94CE-656199F1352D}.Debug|x64.Build.0 = Debug|Any CPU
		{4BB55C8E-EA52-4D0D-94CE-656199F1352D}.Debug|x86.ActiveCfg = Debug|Any CPU
		{4BB55C8E-EA52-4D0D-94CE-656199F1352D}.Debug|x86.Build.0 = Debug|Any CPU
		{4BB55C8E-EA52-4D0D-94CE-656199F1352D}.Release|Any CPU.ActiveCfg = Release|Any CPU
		{4BB55C8E-EA52-4D0D-94CE-656199F1352D}.Release|Any CPU.Build.0 = Release|Any CPU
		{4BB55C8E-EA52-4D0D-94CE-656199F1352D}.Release|ARM.ActiveCfg = Release|Any CPU
		{4BB55C8E-EA52-4D0D-94CE-656199F1352D}.Release|ARM.Build.0 = Release|Any CPU
		{4BB55C8E-EA52-4D0D-94CE-656199F1352D}.Release|x64.ActiveCfg = Release|Any CPU
		{4BB55C8E-EA52-4D0D-94CE-656199F1352D}.Release|x64.Build.0 = Release|Any CPU
		{4BB55C8E-EA52-4D0D-94CE-656199F1352D}.Release|x86.ActiveCfg = Release|Any CPU
		{4BB55C8E-EA52-4D0D-94CE-656199F1352D}.Release|x86.Build.0 = Release|Any CPU
		{67F146AF-D466-4393-8782-E8F91F696EE8}.Debug|Any CPU.ActiveCfg = Debug|Any CPU
		{67F146AF-D466-4393-8782-E8F91F696EE8}.Debug|Any CPU.Build.0 = Debug|Any CPU
		{67F146AF-D466-4393-8782-E8F91F696EE8}.Debug|ARM.ActiveCfg = Debug|Any CPU
		{67F146AF-D466-4393-8782-E8F91F696EE8}.Debug|ARM.Build.0 = Debug|Any CPU
		{67F146AF-D466-4393-8782-E8F91F696EE8}.Debug|x64.ActiveCfg = Debug|Any CPU
		{67F146AF-D466-4393-8782-E8F91F696EE8}.Debug|x64.Build.0 = Debug|Any CPU
		{67F146AF-D466-4393-8782-E8F91F696EE8}.Debug|x86.ActiveCfg = Debug|Any CPU
		{67F146AF-D466-4393-8782-E8F91F696EE8}.Debug|x86.Build.0 = Debug|Any CPU
		{67F146AF-D466-4393-8782-E8F91F696EE8}.Release|Any CPU.ActiveCfg = Release|Any CPU
		{67F146AF-D466-4393-8782-E8F91F696EE8}.Release|Any CPU.Build.0 = Release|Any CPU
		{67F146AF-D466-4393-8782-E8F91F696EE8}.Release|ARM.ActiveCfg = Release|Any CPU
		{67F146AF-D466-4393-8782-E8F91F696EE8}.Release|ARM.Build.0 = Release|Any CPU
		{67F146AF-D466-4393-8782-E8F91F696EE8}.Release|x64.ActiveCfg = Release|Any CPU
		{67F146AF-D466-4393-8782-E8F91F696EE8}.Release|x64.Build.0 = Release|Any CPU
		{67F146AF-D466-4393-8782-E8F91F696EE8}.Release|x86.ActiveCfg = Release|Any CPU
		{67F146AF-D466-4393-8782-E8F91F696EE8}.Release|x86.Build.0 = Release|Any CPU
		{2435BE22-D69C-4A43-804F-2BD12371FD56}.Debug|Any CPU.ActiveCfg = Debug|Any CPU
		{2435BE22-D69C-4A43-804F-2BD12371FD56}.Debug|Any CPU.Build.0 = Debug|Any CPU
		{2435BE22-D69C-4A43-804F-2BD12371FD56}.Debug|ARM.ActiveCfg = Debug|Any CPU
		{2435BE22-D69C-4A43-804F-2BD12371FD56}.Debug|ARM.Build.0 = Debug|Any CPU
		{2435BE22-D69C-4A43-804F-2BD12371FD56}.Debug|x64.ActiveCfg = Debug|Any CPU
		{2435BE22-D69C-4A43-804F-2BD12371FD56}.Debug|x64.Build.0 = Debug|Any CPU
		{2435BE22-D69C-4A43-804F-2BD12371FD56}.Debug|x86.ActiveCfg = Debug|Any CPU
		{2435BE22-D69C-4A43-804F-2BD12371FD56}.Debug|x86.Build.0 = Debug|Any CPU
		{2435BE22-D69C-4A43-804F-2BD12371FD56}.Release|Any CPU.ActiveCfg = Release|Any CPU
		{2435BE22-D69C-4A43-804F-2BD12371FD56}.Release|Any CPU.Build.0 = Release|Any CPU
		{2435BE22-D69C-4A43-804F-2BD12371FD56}.Release|ARM.ActiveCfg = Release|Any CPU
		{2435BE22-D69C-4A43-804F-2BD12371FD56}.Release|ARM.Build.0 = Release|Any CPU
		{2435BE22-D69C-4A43-804F-2BD12371FD56}.Release|x64.ActiveCfg = Release|Any CPU
		{2435BE22-D69C-4A43-804F-2BD12371FD56}.Release|x64.Build.0 = Release|Any CPU
		{2435BE22-D69C-4A43-804F-2BD12371FD56}.Release|x86.ActiveCfg = Release|Any CPU
		{2435BE22-D69C-4A43-804F-2BD12371FD56}.Release|x86.Build.0 = Release|Any CPU
		{7EC62B13-6D16-4A21-AACE-9A6B8C4413F9}.Debug|Any CPU.ActiveCfg = Debug|Any CPU
		{7EC62B13-6D16-4A21-AACE-9A6B8C4413F9}.Debug|Any CPU.Build.0 = Debug|Any CPU
		{7EC62B13-6D16-4A21-AACE-9A6B8C4413F9}.Debug|ARM.ActiveCfg = Debug|Any CPU
		{7EC62B13-6D16-4A21-AACE-9A6B8C4413F9}.Debug|ARM.Build.0 = Debug|Any CPU
		{7EC62B13-6D16-4A21-AACE-9A6B8C4413F9}.Debug|x64.ActiveCfg = Debug|Any CPU
		{7EC62B13-6D16-4A21-AACE-9A6B8C4413F9}.Debug|x64.Build.0 = Debug|Any CPU
		{7EC62B13-6D16-4A21-AACE-9A6B8C4413F9}.Debug|x86.ActiveCfg = Debug|Any CPU
		{7EC62B13-6D16-4A21-AACE-9A6B8C4413F9}.Debug|x86.Build.0 = Debug|Any CPU
		{7EC62B13-6D16-4A21-AACE-9A6B8C4413F9}.Release|Any CPU.ActiveCfg = Release|Any CPU
		{7EC62B13-6D16-4A21-AACE-9A6B8C4413F9}.Release|Any CPU.Build.0 = Release|Any CPU
		{7EC62B13-6D16-4A21-AACE-9A6B8C4413F9}.Release|ARM.ActiveCfg = Release|Any CPU
		{7EC62B13-6D16-4A21-AACE-9A6B8C4413F9}.Release|ARM.Build.0 = Release|Any CPU
		{7EC62B13-6D16-4A21-AACE-9A6B8C4413F9}.Release|x64.ActiveCfg = Release|Any CPU
		{7EC62B13-6D16-4A21-AACE-9A6B8C4413F9}.Release|x64.Build.0 = Release|Any CPU
		{7EC62B13-6D16-4A21-AACE-9A6B8C4413F9}.Release|x86.ActiveCfg = Release|Any CPU
		{7EC62B13-6D16-4A21-AACE-9A6B8C4413F9}.Release|x86.Build.0 = Release|Any CPU
		{63AD8716-DEF1-4EF1-9C90-927294733436}.Debug|Any CPU.ActiveCfg = Debug|Any CPU
		{63AD8716-DEF1-4EF1-9C90-927294733436}.Debug|Any CPU.Build.0 = Debug|Any CPU
		{63AD8716-DEF1-4EF1-9C90-927294733436}.Debug|ARM.ActiveCfg = Debug|Any CPU
		{63AD8716-DEF1-4EF1-9C90-927294733436}.Debug|ARM.Build.0 = Debug|Any CPU
		{63AD8716-DEF1-4EF1-9C90-927294733436}.Debug|x64.ActiveCfg = Debug|Any CPU
		{63AD8716-DEF1-4EF1-9C90-927294733436}.Debug|x64.Build.0 = Debug|Any CPU
		{63AD8716-DEF1-4EF1-9C90-927294733436}.Debug|x86.ActiveCfg = Debug|Any CPU
		{63AD8716-DEF1-4EF1-9C90-927294733436}.Debug|x86.Build.0 = Debug|Any CPU
		{63AD8716-DEF1-4EF1-9C90-927294733436}.Release|Any CPU.ActiveCfg = Release|Any CPU
		{63AD8716-DEF1-4EF1-9C90-927294733436}.Release|Any CPU.Build.0 = Release|Any CPU
		{63AD8716-DEF1-4EF1-9C90-927294733436}.Release|ARM.ActiveCfg = Release|Any CPU
		{63AD8716-DEF1-4EF1-9C90-927294733436}.Release|ARM.Build.0 = Release|Any CPU
		{63AD8716-DEF1-4EF1-9C90-927294733436}.Release|x64.ActiveCfg = Release|Any CPU
		{63AD8716-DEF1-4EF1-9C90-927294733436}.Release|x64.Build.0 = Release|Any CPU
		{63AD8716-DEF1-4EF1-9C90-927294733436}.Release|x86.ActiveCfg = Release|Any CPU
		{63AD8716-DEF1-4EF1-9C90-927294733436}.Release|x86.Build.0 = Release|Any CPU
		{9DFD708D-7449-48E7-ACF7-6CDFF5BC1D10}.Debug|Any CPU.ActiveCfg = Debug|Any CPU
		{9DFD708D-7449-48E7-ACF7-6CDFF5BC1D10}.Debug|Any CPU.Build.0 = Debug|Any CPU
		{9DFD708D-7449-48E7-ACF7-6CDFF5BC1D10}.Debug|ARM.ActiveCfg = Debug|Any CPU
		{9DFD708D-7449-48E7-ACF7-6CDFF5BC1D10}.Debug|ARM.Build.0 = Debug|Any CPU
		{9DFD708D-7449-48E7-ACF7-6CDFF5BC1D10}.Debug|x64.ActiveCfg = Debug|Any CPU
		{9DFD708D-7449-48E7-ACF7-6CDFF5BC1D10}.Debug|x64.Build.0 = Debug|Any CPU
		{9DFD708D-7449-48E7-ACF7-6CDFF5BC1D10}.Debug|x86.ActiveCfg = Debug|Any CPU
		{9DFD708D-7449-48E7-ACF7-6CDFF5BC1D10}.Debug|x86.Build.0 = Debug|Any CPU
		{9DFD708D-7449-48E7-ACF7-6CDFF5BC1D10}.Release|Any CPU.ActiveCfg = Release|Any CPU
		{9DFD708D-7449-48E7-ACF7-6CDFF5BC1D10}.Release|Any CPU.Build.0 = Release|Any CPU
		{9DFD708D-7449-48E7-ACF7-6CDFF5BC1D10}.Release|ARM.ActiveCfg = Release|Any CPU
		{9DFD708D-7449-48E7-ACF7-6CDFF5BC1D10}.Release|ARM.Build.0 = Release|Any CPU
		{9DFD708D-7449-48E7-ACF7-6CDFF5BC1D10}.Release|x64.ActiveCfg = Release|Any CPU
		{9DFD708D-7449-48E7-ACF7-6CDFF5BC1D10}.Release|x64.Build.0 = Release|Any CPU
		{9DFD708D-7449-48E7-ACF7-6CDFF5BC1D10}.Release|x86.ActiveCfg = Release|Any CPU
		{9DFD708D-7449-48E7-ACF7-6CDFF5BC1D10}.Release|x86.Build.0 = Release|Any CPU
		{45EE642F-ED31-4973-90B0-3C837FD3C115}.Debug|Any CPU.ActiveCfg = Debug|Any CPU
		{45EE642F-ED31-4973-90B0-3C837FD3C115}.Debug|Any CPU.Build.0 = Debug|Any CPU
		{45EE642F-ED31-4973-90B0-3C837FD3C115}.Debug|ARM.ActiveCfg = Debug|Any CPU
		{45EE642F-ED31-4973-90B0-3C837FD3C115}.Debug|ARM.Build.0 = Debug|Any CPU
		{45EE642F-ED31-4973-90B0-3C837FD3C115}.Debug|x64.ActiveCfg = Debug|Any CPU
		{45EE642F-ED31-4973-90B0-3C837FD3C115}.Debug|x64.Build.0 = Debug|Any CPU
		{45EE642F-ED31-4973-90B0-3C837FD3C115}.Debug|x86.ActiveCfg = Debug|Any CPU
		{45EE642F-ED31-4973-90B0-3C837FD3C115}.Debug|x86.Build.0 = Debug|Any CPU
		{45EE642F-ED31-4973-90B0-3C837FD3C115}.Release|Any CPU.ActiveCfg = Release|Any CPU
		{45EE642F-ED31-4973-90B0-3C837FD3C115}.Release|Any CPU.Build.0 = Release|Any CPU
		{45EE642F-ED31-4973-90B0-3C837FD3C115}.Release|ARM.ActiveCfg = Release|Any CPU
		{45EE642F-ED31-4973-90B0-3C837FD3C115}.Release|ARM.Build.0 = Release|Any CPU
		{45EE642F-ED31-4973-90B0-3C837FD3C115}.Release|x64.ActiveCfg = Release|Any CPU
		{45EE642F-ED31-4973-90B0-3C837FD3C115}.Release|x64.Build.0 = Release|Any CPU
		{45EE642F-ED31-4973-90B0-3C837FD3C115}.Release|x86.ActiveCfg = Release|Any CPU
		{45EE642F-ED31-4973-90B0-3C837FD3C115}.Release|x86.Build.0 = Release|Any CPU
		{C9C7BBCB-8B67-4408-B74D-211BDAD4CFDF}.Debug|Any CPU.ActiveCfg = Debug|Any CPU
		{C9C7BBCB-8B67-4408-B74D-211BDAD4CFDF}.Debug|Any CPU.Build.0 = Debug|Any CPU
		{C9C7BBCB-8B67-4408-B74D-211BDAD4CFDF}.Debug|ARM.ActiveCfg = Debug|Any CPU
		{C9C7BBCB-8B67-4408-B74D-211BDAD4CFDF}.Debug|ARM.Build.0 = Debug|Any CPU
		{C9C7BBCB-8B67-4408-B74D-211BDAD4CFDF}.Debug|x64.ActiveCfg = Debug|Any CPU
		{C9C7BBCB-8B67-4408-B74D-211BDAD4CFDF}.Debug|x64.Build.0 = Debug|Any CPU
		{C9C7BBCB-8B67-4408-B74D-211BDAD4CFDF}.Debug|x86.ActiveCfg = Debug|Any CPU
		{C9C7BBCB-8B67-4408-B74D-211BDAD4CFDF}.Debug|x86.Build.0 = Debug|Any CPU
		{C9C7BBCB-8B67-4408-B74D-211BDAD4CFDF}.Release|Any CPU.ActiveCfg = Release|Any CPU
		{C9C7BBCB-8B67-4408-B74D-211BDAD4CFDF}.Release|Any CPU.Build.0 = Release|Any CPU
		{C9C7BBCB-8B67-4408-B74D-211BDAD4CFDF}.Release|ARM.ActiveCfg = Release|Any CPU
		{C9C7BBCB-8B67-4408-B74D-211BDAD4CFDF}.Release|ARM.Build.0 = Release|Any CPU
		{C9C7BBCB-8B67-4408-B74D-211BDAD4CFDF}.Release|x64.ActiveCfg = Release|Any CPU
		{C9C7BBCB-8B67-4408-B74D-211BDAD4CFDF}.Release|x64.Build.0 = Release|Any CPU
		{C9C7BBCB-8B67-4408-B74D-211BDAD4CFDF}.Release|x86.ActiveCfg = Release|Any CPU
		{C9C7BBCB-8B67-4408-B74D-211BDAD4CFDF}.Release|x86.Build.0 = Release|Any CPU
		{BCAC3E11-F195-4C66-9E8F-B1E5B200E3BA}.Debug|Any CPU.ActiveCfg = Debug|Any CPU
		{BCAC3E11-F195-4C66-9E8F-B1E5B200E3BA}.Debug|Any CPU.Build.0 = Debug|Any CPU
		{BCAC3E11-F195-4C66-9E8F-B1E5B200E3BA}.Debug|ARM.ActiveCfg = Debug|ARM
		{BCAC3E11-F195-4C66-9E8F-B1E5B200E3BA}.Debug|ARM.Build.0 = Debug|ARM
		{BCAC3E11-F195-4C66-9E8F-B1E5B200E3BA}.Debug|x64.ActiveCfg = Debug|x64
		{BCAC3E11-F195-4C66-9E8F-B1E5B200E3BA}.Debug|x64.Build.0 = Debug|x64
		{BCAC3E11-F195-4C66-9E8F-B1E5B200E3BA}.Debug|x86.ActiveCfg = Debug|x86
		{BCAC3E11-F195-4C66-9E8F-B1E5B200E3BA}.Debug|x86.Build.0 = Debug|x86
		{BCAC3E11-F195-4C66-9E8F-B1E5B200E3BA}.Release|Any CPU.ActiveCfg = Release|Any CPU
		{BCAC3E11-F195-4C66-9E8F-B1E5B200E3BA}.Release|Any CPU.Build.0 = Release|Any CPU
		{BCAC3E11-F195-4C66-9E8F-B1E5B200E3BA}.Release|ARM.ActiveCfg = Release|ARM
		{BCAC3E11-F195-4C66-9E8F-B1E5B200E3BA}.Release|ARM.Build.0 = Release|ARM
		{BCAC3E11-F195-4C66-9E8F-B1E5B200E3BA}.Release|x64.ActiveCfg = Release|x64
		{BCAC3E11-F195-4C66-9E8F-B1E5B200E3BA}.Release|x64.Build.0 = Release|x64
		{BCAC3E11-F195-4C66-9E8F-B1E5B200E3BA}.Release|x86.ActiveCfg = Release|x86
		{BCAC3E11-F195-4C66-9E8F-B1E5B200E3BA}.Release|x86.Build.0 = Release|x86
		{BA6A5B9A-62CE-40E2-B9E4-EAAFC1910D60}.Debug|Any CPU.ActiveCfg = Debug|Any CPU
		{BA6A5B9A-62CE-40E2-B9E4-EAAFC1910D60}.Debug|Any CPU.Build.0 = Debug|Any CPU
		{BA6A5B9A-62CE-40E2-B9E4-EAAFC1910D60}.Debug|ARM.ActiveCfg = Debug|ARM
		{BA6A5B9A-62CE-40E2-B9E4-EAAFC1910D60}.Debug|ARM.Build.0 = Debug|ARM
		{BA6A5B9A-62CE-40E2-B9E4-EAAFC1910D60}.Debug|x64.ActiveCfg = Debug|x64
		{BA6A5B9A-62CE-40E2-B9E4-EAAFC1910D60}.Debug|x64.Build.0 = Debug|x64
		{BA6A5B9A-62CE-40E2-B9E4-EAAFC1910D60}.Debug|x86.ActiveCfg = Debug|x86
		{BA6A5B9A-62CE-40E2-B9E4-EAAFC1910D60}.Debug|x86.Build.0 = Debug|x86
		{BA6A5B9A-62CE-40E2-B9E4-EAAFC1910D60}.Release|Any CPU.ActiveCfg = Release|Any CPU
		{BA6A5B9A-62CE-40E2-B9E4-EAAFC1910D60}.Release|Any CPU.Build.0 = Release|Any CPU
		{BA6A5B9A-62CE-40E2-B9E4-EAAFC1910D60}.Release|ARM.ActiveCfg = Release|ARM
		{BA6A5B9A-62CE-40E2-B9E4-EAAFC1910D60}.Release|ARM.Build.0 = Release|ARM
		{BA6A5B9A-62CE-40E2-B9E4-EAAFC1910D60}.Release|x64.ActiveCfg = Release|x64
		{BA6A5B9A-62CE-40E2-B9E4-EAAFC1910D60}.Release|x64.Build.0 = Release|x64
		{BA6A5B9A-62CE-40E2-B9E4-EAAFC1910D60}.Release|x86.ActiveCfg = Release|x86
		{BA6A5B9A-62CE-40E2-B9E4-EAAFC1910D60}.Release|x86.Build.0 = Release|x86
		{FE6440E6-C92E-4A85-AC19-1355356F4E34}.Debug|Any CPU.ActiveCfg = Debug|Any CPU
		{FE6440E6-C92E-4A85-AC19-1355356F4E34}.Debug|Any CPU.Build.0 = Debug|Any CPU
		{FE6440E6-C92E-4A85-AC19-1355356F4E34}.Debug|ARM.ActiveCfg = Debug|ARM
		{FE6440E6-C92E-4A85-AC19-1355356F4E34}.Debug|ARM.Build.0 = Debug|ARM
		{FE6440E6-C92E-4A85-AC19-1355356F4E34}.Debug|x64.ActiveCfg = Debug|x64
		{FE6440E6-C92E-4A85-AC19-1355356F4E34}.Debug|x64.Build.0 = Debug|x64
		{FE6440E6-C92E-4A85-AC19-1355356F4E34}.Debug|x86.ActiveCfg = Debug|x86
		{FE6440E6-C92E-4A85-AC19-1355356F4E34}.Debug|x86.Build.0 = Debug|x86
		{FE6440E6-C92E-4A85-AC19-1355356F4E34}.Release|Any CPU.ActiveCfg = Release|Any CPU
		{FE6440E6-C92E-4A85-AC19-1355356F4E34}.Release|Any CPU.Build.0 = Release|Any CPU
		{FE6440E6-C92E-4A85-AC19-1355356F4E34}.Release|ARM.ActiveCfg = Release|ARM
		{FE6440E6-C92E-4A85-AC19-1355356F4E34}.Release|ARM.Build.0 = Release|ARM
		{FE6440E6-C92E-4A85-AC19-1355356F4E34}.Release|x64.ActiveCfg = Release|x64
		{FE6440E6-C92E-4A85-AC19-1355356F4E34}.Release|x64.Build.0 = Release|x64
		{FE6440E6-C92E-4A85-AC19-1355356F4E34}.Release|x86.ActiveCfg = Release|x86
		{FE6440E6-C92E-4A85-AC19-1355356F4E34}.Release|x86.Build.0 = Release|x86
	EndGlobalSection
	GlobalSection(SolutionProperties) = preSolution
		HideSolutionNode = FALSE
	EndGlobalSection
	GlobalSection(NestedProjects) = preSolution
		{9A870600-EEAF-4076-ACC2-0408D2542563} = {9A34D20F-B24A-4D5B-A8A5-202BCFEC4E61}
		{B70FC52F-D02C-4F41-9CB9-E64DFDE544D7} = {775030D7-24C8-4B61-91F0-05B12415CBF6}
		{CC927EA9-4DB7-43E0-8B80-459549DED0D8} = {29FB8613-0843-42DD-A2B7-0218E6FDD0E2}
		{837B8FF3-DED6-4DC7-AD58-DBB0B3E44DD4} = {2004A69B-2271-4147-AD0E-3E25906E532F}
		{06A3D120-5923-4AD1-8411-7395A1EC6E94} = {2004A69B-2271-4147-AD0E-3E25906E532F}
		{0B20D095-2896-41A6-865D-172DFD5ECC99} = {2004A69B-2271-4147-AD0E-3E25906E532F}
		{0525E383-D416-4465-8B1D-A06E9D48CF9B} = {775030D7-24C8-4B61-91F0-05B12415CBF6}
		{621670D2-9491-4C59-AEA8-85F819DDF811} = {775030D7-24C8-4B61-91F0-05B12415CBF6}
		{4CC1DA31-1F5A-42CC-835E-C233C1633CEB} = {775030D7-24C8-4B61-91F0-05B12415CBF6}
		{01FA1D57-2394-40E7-87DC-756648D5E05C} = {775030D7-24C8-4B61-91F0-05B12415CBF6}
		{A0B0AE9E-6E31-49FC-818F-94B0D10BB9F8} = {775030D7-24C8-4B61-91F0-05B12415CBF6}
		{2B675E07-0441-4FA5-9F46-435EFFD17A01} = {9A34D20F-B24A-4D5B-A8A5-202BCFEC4E61}
		{E2C002A8-3C66-4D75-AF99-0DD636AE1691} = {9A34D20F-B24A-4D5B-A8A5-202BCFEC4E61}
		{FB95C4C7-5C90-4B6D-A35D-0A96BCA47E5F} = {29FB8613-0843-42DD-A2B7-0218E6FDD0E2}
		{7ABE0FEA-6B32-4515-A5C3-E511951F3562} = {DB1D6C0F-5AFC-4193-8E53-B0D9848D2A33}
		{5111A896-62D6-4239-B352-426A2C48960D} = {DB1D6C0F-5AFC-4193-8E53-B0D9848D2A33}
		{4BB55C8E-EA52-4D0D-94CE-656199F1352D} = {775030D7-24C8-4B61-91F0-05B12415CBF6}
		{67F146AF-D466-4393-8782-E8F91F696EE8} = {DB1D6C0F-5AFC-4193-8E53-B0D9848D2A33}
		{2435BE22-D69C-4A43-804F-2BD12371FD56} = {3A0ABAA4-C65D-4625-9D9B-934D4FA706A0}
		{7EC62B13-6D16-4A21-AACE-9A6B8C4413F9} = {3A0ABAA4-C65D-4625-9D9B-934D4FA706A0}
		{63AD8716-DEF1-4EF1-9C90-927294733436} = {3A0ABAA4-C65D-4625-9D9B-934D4FA706A0}
		{9DFD708D-7449-48E7-ACF7-6CDFF5BC1D10} = {3A0ABAA4-C65D-4625-9D9B-934D4FA706A0}
		{45EE642F-ED31-4973-90B0-3C837FD3C115} = {3A0ABAA4-C65D-4625-9D9B-934D4FA706A0}
		{C9C7BBCB-8B67-4408-B74D-211BDAD4CFDF} = {A9AC4793-AD7F-4D72-9F67-18838F92AD51}
		{BCAC3E11-F195-4C66-9E8F-B1E5B200E3BA} = {9A34D20F-B24A-4D5B-A8A5-202BCFEC4E61}
		{BA6A5B9A-62CE-40E2-B9E4-EAAFC1910D60} = {775030D7-24C8-4B61-91F0-05B12415CBF6}
		{FE6440E6-C92E-4A85-AC19-1355356F4E34} = {B5571F8A-4707-45FB-99B2-B37E17EC4B19}
	EndGlobalSection
	GlobalSection(ExtensibilityGlobals) = postSolution
		SolutionGuid = {ADF45E88-9A32-4BE3-9EA9-B4CB718761A2}
	EndGlobalSection
EndGlobal
